// !$*UTF8*$!
{
	archiveVersion = 1;
	classes = {
	};
	objectVersion = 51;
	objects = {

/* Begin PBXBuildFile section */
		046B988924581E9000979059 /* UIView+CustomCornerBorder.m in Sources */ = {isa = PBXBuildFile; fileRef = 046B988824581E9000979059 /* UIView+CustomCornerBorder.m */; };
		046B988C24581F0C00979059 /* UIView+CustomCornerRadius.m in Sources */ = {isa = PBXBuildFile; fileRef = 046B988B24581F0C00979059 /* UIView+CustomCornerRadius.m */; };
		3D43964D23B9A76200C0244A /* NSObject+SwizzleMethod.m in Sources */ = {isa = PBXBuildFile; fileRef = 3D43964C23B9A76200C0244A /* NSObject+SwizzleMethod.m */; };
		89F356C42DAD80ACEE975460 /* libPods-BaseTools.a in Frameworks */ = {isa = PBXBuildFile; fileRef = 5D5EFE9DF16FD4ED1B74B4B1 /* libPods-BaseTools.a */; };
		F104D92822844D88004D340F /* DownloadVideo.m in Sources */ = {isa = PBXBuildFile; fileRef = F104D92722844D87004D340F /* DownloadVideo.m */; };
		F1129AE922CCC99E00540259 /* VideoCompress.m in Sources */ = {isa = PBXBuildFile; fileRef = F1129AE822CCC99E00540259 /* VideoCompress.m */; };
		F113F1E822E9A408004F49A7 /* CustomRadianView.m in Sources */ = {isa = PBXBuildFile; fileRef = F113F1E622E9A408004F49A7 /* CustomRadianView.m */; };
		F114D4A822AF8A480074377E /* CustomProgressView.m in Sources */ = {isa = PBXBuildFile; fileRef = F114D4A722AF8A480074377E /* CustomProgressView.m */; };
		F126C470224E1C0E00C24566 /* BaseTableViewController.m in Sources */ = {isa = PBXBuildFile; fileRef = F126C46F224E1C0E00C24566 /* BaseTableViewController.m */; };
		F126C473224E20BC00C24566 /* BaseCollectionViewController.m in Sources */ = {isa = PBXBuildFile; fileRef = F126C472224E20BC00C24566 /* BaseCollectionViewController.m */; };
		F126C476224E24B600C24566 /* UIViewController+CurrentViewController.m in Sources */ = {isa = PBXBuildFile; fileRef = F126C475224E24B600C24566 /* UIViewController+CurrentViewController.m */; };
		F126C47D224E283900C24566 /* TableViewController.m in Sources */ = {isa = PBXBuildFile; fileRef = F126C47C224E283900C24566 /* TableViewController.m */; };
		F12CB25724289CB6005BEAB0 /* NSArray+Sudoku.m in Sources */ = {isa = PBXBuildFile; fileRef = F12CB25624289CB6005BEAB0 /* NSArray+Sudoku.m */; };
		F12D6C562307CE3700AAC2CF /* UITextField+FuncChains.m in Sources */ = {isa = PBXBuildFile; fileRef = F12D6C552307CE3700AAC2CF /* UITextField+FuncChains.m */; };
		F12D6C592307CE5A00AAC2CF /* UILabel+FuncChains.m in Sources */ = {isa = PBXBuildFile; fileRef = F12D6C582307CE5A00AAC2CF /* UILabel+FuncChains.m */; };
		F12D6C5D2307CE9500AAC2CF /* UIButton+FuncChains.m in Sources */ = {isa = PBXBuildFile; fileRef = F12D6C5C2307CE9500AAC2CF /* UIButton+FuncChains.m */; };
		F15503C22266BC77001FFE24 /* UITextField+LengthLimit.m in Sources */ = {isa = PBXBuildFile; fileRef = F15503C12266BC77001FFE24 /* UITextField+LengthLimit.m */; };
		F187E9C6224B196A00293096 /* AppDelegate.m in Sources */ = {isa = PBXBuildFile; fileRef = F187E9C5224B196A00293096 /* AppDelegate.m */; };
		F187E9C9224B196A00293096 /* ViewController.m in Sources */ = {isa = PBXBuildFile; fileRef = F187E9C8224B196A00293096 /* ViewController.m */; };
		F187E9CC224B196A00293096 /* Main.storyboard in Resources */ = {isa = PBXBuildFile; fileRef = F187E9CA224B196A00293096 /* Main.storyboard */; };
		F187E9CE224B196B00293096 /* Assets.xcassets in Resources */ = {isa = PBXBuildFile; fileRef = F187E9CD224B196B00293096 /* Assets.xcassets */; };
		F187E9D1224B196B00293096 /* LaunchScreen.storyboard in Resources */ = {isa = PBXBuildFile; fileRef = F187E9CF224B196B00293096 /* LaunchScreen.storyboard */; };
		F187E9D4224B196B00293096 /* main.m in Sources */ = {isa = PBXBuildFile; fileRef = F187E9D3224B196B00293096 /* main.m */; };
		F187E9DE224B196B00293096 /* BaseToolsTests.m in Sources */ = {isa = PBXBuildFile; fileRef = F187E9DD224B196B00293096 /* BaseToolsTests.m */; };
		F187E9E9224B196B00293096 /* BaseToolsUITests.m in Sources */ = {isa = PBXBuildFile; fileRef = F187E9E8224B196B00293096 /* BaseToolsUITests.m */; };
		F187EB4E224B567F00293096 /* BaseWebViewController.m in Sources */ = {isa = PBXBuildFile; fileRef = F187EB45224B567D00293096 /* BaseWebViewController.m */; };
		F187EB4F224B567F00293096 /* RootNavigationController.m in Sources */ = {isa = PBXBuildFile; fileRef = F187EB48224B567D00293096 /* RootNavigationController.m */; };
		F187EB50224B567F00293096 /* RootViewController.m in Sources */ = {isa = PBXBuildFile; fileRef = F187EB4B224B567E00293096 /* RootViewController.m */; };
		F187EB51224B567F00293096 /* BaseViewController.m in Sources */ = {isa = PBXBuildFile; fileRef = F187EB4C224B567E00293096 /* BaseViewController.m */; };
		F187EB72224B569100293096 /* NSDictionary+LXY.m in Sources */ = {isa = PBXBuildFile; fileRef = F187EB52224B568A00293096 /* NSDictionary+LXY.m */; };
		F187EB73224B569100293096 /* UIScreen+Extension.m in Sources */ = {isa = PBXBuildFile; fileRef = F187EB53224B568A00293096 /* UIScreen+Extension.m */; };
		F187EB74224B569100293096 /* UIView+IBExtension.m in Sources */ = {isa = PBXBuildFile; fileRef = F187EB59224B568C00293096 /* UIView+IBExtension.m */; };
		F187EB75224B569100293096 /* CALayer+XibBorderColor.m in Sources */ = {isa = PBXBuildFile; fileRef = F187EB5A224B568C00293096 /* CALayer+XibBorderColor.m */; };
		F187EB77224B569100293096 /* UIView+Extension.m in Sources */ = {isa = PBXBuildFile; fileRef = F187EB5C224B568C00293096 /* UIView+Extension.m */; };
		F187EB79224B569100293096 /* UIApplication+Extensions.m in Sources */ = {isa = PBXBuildFile; fileRef = F187EB5E224B568D00293096 /* UIApplication+Extensions.m */; };
		F187EB7A224B569100293096 /* UIImage+Extension.m in Sources */ = {isa = PBXBuildFile; fileRef = F187EB5F224B568D00293096 /* UIImage+Extension.m */; };
		F187EB7B224B569100293096 /* UIImage+WaterMark.m in Sources */ = {isa = PBXBuildFile; fileRef = F187EB61224B568D00293096 /* UIImage+WaterMark.m */; };
		F187EB7E224B569100293096 /* NSArray+LXY.m in Sources */ = {isa = PBXBuildFile; fileRef = F187EB6C224B569000293096 /* NSArray+LXY.m */; };
		F187EB7F224B569100293096 /* NSDate+Extension.m in Sources */ = {isa = PBXBuildFile; fileRef = F187EB6F224B569000293096 /* NSDate+Extension.m */; };
		F187EB80224B569100293096 /* UIColor+ColorHexadecimal.m in Sources */ = {isa = PBXBuildFile; fileRef = F187EB70224B569100293096 /* UIColor+ColorHexadecimal.m */; };
		F187EB81224B569100293096 /* MBProgressHUD+MBExtension.m in Sources */ = {isa = PBXBuildFile; fileRef = F187EB71224B569100293096 /* MBProgressHUD+MBExtension.m */; };
		F187EB94224B56A100293096 /* LXYQRCodeOverlayView.m in Sources */ = {isa = PBXBuildFile; fileRef = F187EB82224B569E00293096 /* LXYQRCodeOverlayView.m */; };
		F187EB95224B56A100293096 /* QRCodebottomRight@2x.png in Resources */ = {isa = PBXBuildFile; fileRef = F187EB83224B569E00293096 /* QRCodebottomRight@2x.png */; };
		F187EB96224B56A100293096 /* QRCodeTopRight@3x.png in Resources */ = {isa = PBXBuildFile; fileRef = F187EB84224B569E00293096 /* QRCodeTopRight@3x.png */; };
		F187EB97224B56A100293096 /* QRCodeScanViewController.m in Sources */ = {isa = PBXBuildFile; fileRef = F187EB85224B569F00293096 /* QRCodeScanViewController.m */; };
		F187EB98224B56A100293096 /* AVCaptureVideoPreviewLayer+Helper.m in Sources */ = {isa = PBXBuildFile; fileRef = F187EB87224B569F00293096 /* AVCaptureVideoPreviewLayer+Helper.m */; };
		F187EB99224B56A100293096 /* QRCodeLine@3x.png in Resources */ = {isa = PBXBuildFile; fileRef = F187EB88224B569F00293096 /* QRCodeLine@3x.png */; };
		F187EB9A224B56A100293096 /* LXYQRCodeUtility.m in Sources */ = {isa = PBXBuildFile; fileRef = F187EB89224B569F00293096 /* LXYQRCodeUtility.m */; };
		F187EB9B224B56A100293096 /* QRCodebottomLeft@2x.png in Resources */ = {isa = PBXBuildFile; fileRef = F187EB8A224B569F00293096 /* QRCodebottomLeft@2x.png */; };
		F187EB9C224B56A100293096 /* QRCodeTopLeft@3x.png in Resources */ = {isa = PBXBuildFile; fileRef = F187EB8C224B56A000293096 /* QRCodeTopLeft@3x.png */; };
		F187EB9D224B56A100293096 /* QRCodebottomLeft@3x.png in Resources */ = {isa = PBXBuildFile; fileRef = F187EB8D224B56A000293096 /* QRCodebottomLeft@3x.png */; };
		F187EB9E224B56A100293096 /* QRCodeTopLeft@2x.png in Resources */ = {isa = PBXBuildFile; fileRef = F187EB8E224B56A000293096 /* QRCodeTopLeft@2x.png */; };
		F187EB9F224B56A100293096 /* QRCodeTopRight@2x.png in Resources */ = {isa = PBXBuildFile; fileRef = F187EB8F224B56A000293096 /* QRCodeTopRight@2x.png */; };
		F187EBA0224B56A100293096 /* QRCodeLine@2x.png in Resources */ = {isa = PBXBuildFile; fileRef = F187EB90224B56A000293096 /* QRCodeLine@2x.png */; };
		F187EBA1224B56A100293096 /* QRCodebottomRight@3x.png in Resources */ = {isa = PBXBuildFile; fileRef = F187EB93224B56A100293096 /* QRCodebottomRight@3x.png */; };
		F187EBA8224B56AE00293096 /* TBCityIconFont.m in Sources */ = {isa = PBXBuildFile; fileRef = F187EBA3224B56AE00293096 /* TBCityIconFont.m */; };
		F187EBA9224B56AE00293096 /* TBCityIconInfo.m in Sources */ = {isa = PBXBuildFile; fileRef = F187EBA5224B56AE00293096 /* TBCityIconInfo.m */; };
		F187EBAA224B56AE00293096 /* UIImage+TBCityIconFont.m in Sources */ = {isa = PBXBuildFile; fileRef = F187EBA7224B56AE00293096 /* UIImage+TBCityIconFont.m */; };
		F187EBAD224B56B800293096 /* MD5.m in Sources */ = {isa = PBXBuildFile; fileRef = F187EBAB224B56B700293096 /* MD5.m */; };
		F187EBBA224B56C800293096 /* CustomBtn.m in Sources */ = {isa = PBXBuildFile; fileRef = F187EBAE224B56C600293096 /* CustomBtn.m */; };
		F187EBBC224B56C800293096 /* OppositeBtn.m in Sources */ = {isa = PBXBuildFile; fileRef = F187EBB2224B56C600293096 /* OppositeBtn.m */; };
		F187EBBD224B56C800293096 /* PWDInputView.m in Sources */ = {isa = PBXBuildFile; fileRef = F187EBB4224B56C700293096 /* PWDInputView.m */; };
		F187EBBE224B56C800293096 /* SkyRadiusView.m in Sources */ = {isa = PBXBuildFile; fileRef = F187EBB6224B56C700293096 /* SkyRadiusView.m */; };
		F187EBBF224B56C800293096 /* CustomTextView.m in Sources */ = {isa = PBXBuildFile; fileRef = F187EBB8224B56C700293096 /* CustomTextView.m */; };
		F187EBC8224B56F700293096 /* CustomNetWork.m in Sources */ = {isa = PBXBuildFile; fileRef = F187EBC0224B56F600293096 /* CustomNetWork.m */; };
		F187EBC9224B56F700293096 /* ChineseToPinyin.m in Sources */ = {isa = PBXBuildFile; fileRef = F187EBC1224B56F600293096 /* ChineseToPinyin.m */; };
		F187EBCA224B56F700293096 /* DateOperation.m in Sources */ = {isa = PBXBuildFile; fileRef = F187EBC2224B56F600293096 /* DateOperation.m */; };
		F187EBCB224B56F700293096 /* CustomTools.m in Sources */ = {isa = PBXBuildFile; fileRef = F187EBC7224B56F700293096 /* CustomTools.m */; };
		F187EBD0224B570000293096 /* GetUUID.m in Sources */ = {isa = PBXBuildFile; fileRef = F187EBCC224B56FF00293096 /* GetUUID.m */; };
		F187EBD1224B570000293096 /* KeyChainStore.m in Sources */ = {isa = PBXBuildFile; fileRef = F187EBCF224B56FF00293096 /* KeyChainStore.m */; };
		F187EBD6224B570800293096 /* WRCustomNavigationBar.m in Sources */ = {isa = PBXBuildFile; fileRef = F187EBD2224B570800293096 /* WRCustomNavigationBar.m */; };
		F187EBD7224B570800293096 /* WRNavigationBar.m in Sources */ = {isa = PBXBuildFile; fileRef = F187EBD4224B570800293096 /* WRNavigationBar.m */; };
		F18FB1E4226EF67A00C77619 /* UIImage+ImageSize.m in Sources */ = {isa = PBXBuildFile; fileRef = F18FB1E3226EF67A00C77619 /* UIImage+ImageSize.m */; };
		F19FC8E6224E05D90044772B /* MineViewController.m in Sources */ = {isa = PBXBuildFile; fileRef = F19FC8E5224E05D90044772B /* MineViewController.m */; };
		F19FC8E9224E05E80044772B /* HomeViewController.m in Sources */ = {isa = PBXBuildFile; fileRef = F19FC8E8224E05E80044772B /* HomeViewController.m */; };
		F1B7451122544B8F00ED5A29 /* SaveImageManager.m in Sources */ = {isa = PBXBuildFile; fileRef = F1B7450F22544B8E00ED5A29 /* SaveImageManager.m */; };
		F1B9297D2462D3E90077969A /* BaseViewModel.m in Sources */ = {isa = PBXBuildFile; fileRef = F1B9297C2462D3E90077969A /* BaseViewModel.m */; };
		F1D2CF0B22560D6700E30B6E /* WKWebViewController.m in Sources */ = {isa = PBXBuildFile; fileRef = F1D2CF0A22560D6700E30B6E /* WKWebViewController.m */; };
		F1D3C0912253108B0008222A /* CollectionViewController.m in Sources */ = {isa = PBXBuildFile; fileRef = F1D3C0902253108B0008222A /* CollectionViewController.m */; };
		F1F7C39D22689D1A002774B1 /* CollectionAlignmentFlowLayout.m in Sources */ = {isa = PBXBuildFile; fileRef = F1F7C39C22689D1A002774B1 /* CollectionAlignmentFlowLayout.m */; };
		F1F7C3A02269BF49002774B1 /* CustomAlert.m in Sources */ = {isa = PBXBuildFile; fileRef = F1F7C39F2269BF49002774B1 /* CustomAlert.m */; };
/* End PBXBuildFile section */

/* Begin PBXContainerItemProxy section */
		F187E9DA224B196B00293096 /* PBXContainerItemProxy */ = {
			isa = PBXContainerItemProxy;
			containerPortal = F187E9B9224B196A00293096 /* Project object */;
			proxyType = 1;
			remoteGlobalIDString = F187E9C0224B196A00293096;
			remoteInfo = BaseTools;
		};
		F187E9E5224B196B00293096 /* PBXContainerItemProxy */ = {
			isa = PBXContainerItemProxy;
			containerPortal = F187E9B9224B196A00293096 /* Project object */;
			proxyType = 1;
			remoteGlobalIDString = F187E9C0224B196A00293096;
			remoteInfo = BaseTools;
		};
/* End PBXContainerItemProxy section */

/* Begin PBXFileReference section */
		046B988724581E9000979059 /* UIView+CustomCornerBorder.h */ = {isa = PBXFileReference; lastKnownFileType = sourcecode.c.h; path = "UIView+CustomCornerBorder.h"; sourceTree = "<group>"; };
		046B988824581E9000979059 /* UIView+CustomCornerBorder.m */ = {isa = PBXFileReference; lastKnownFileType = sourcecode.c.objc; path = "UIView+CustomCornerBorder.m"; sourceTree = "<group>"; };
		046B988A24581F0C00979059 /* UIView+CustomCornerRadius.h */ = {isa = PBXFileReference; lastKnownFileType = sourcecode.c.h; path = "UIView+CustomCornerRadius.h"; sourceTree = "<group>"; };
		046B988B24581F0C00979059 /* UIView+CustomCornerRadius.m */ = {isa = PBXFileReference; lastKnownFileType = sourcecode.c.objc; path = "UIView+CustomCornerRadius.m"; sourceTree = "<group>"; };
		0E169E40CCC4E780F8D7460A /* Pods-BaseTools.release.xcconfig */ = {isa = PBXFileReference; includeInIndex = 1; lastKnownFileType = text.xcconfig; name = "Pods-BaseTools.release.xcconfig"; path = "Target Support Files/Pods-BaseTools/Pods-BaseTools.release.xcconfig"; sourceTree = "<group>"; };
		2B14B0D25CB62361C4CE8704 /* Pods-BaseTools.debug.xcconfig */ = {isa = PBXFileReference; includeInIndex = 1; lastKnownFileType = text.xcconfig; name = "Pods-BaseTools.debug.xcconfig"; path = "Target Support Files/Pods-BaseTools/Pods-BaseTools.debug.xcconfig"; sourceTree = "<group>"; };
		3D43964B23B9A76200C0244A /* NSObject+SwizzleMethod.h */ = {isa = PBXFileReference; lastKnownFileType = sourcecode.c.h; path = "NSObject+SwizzleMethod.h"; sourceTree = "<group>"; };
		3D43964C23B9A76200C0244A /* NSObject+SwizzleMethod.m */ = {isa = PBXFileReference; lastKnownFileType = sourcecode.c.objc; path = "NSObject+SwizzleMethod.m"; sourceTree = "<group>"; };
		5D5EFE9DF16FD4ED1B74B4B1 /* libPods-BaseTools.a */ = {isa = PBXFileReference; explicitFileType = archive.ar; includeInIndex = 0; path = "libPods-BaseTools.a"; sourceTree = BUILT_PRODUCTS_DIR; };
		F104D92622844D87004D340F /* DownloadVideo.h */ = {isa = PBXFileReference; fileEncoding = 4; lastKnownFileType = sourcecode.c.h; path = DownloadVideo.h; sourceTree = "<group>"; };
		F104D92722844D87004D340F /* DownloadVideo.m */ = {isa = PBXFileReference; fileEncoding = 4; lastKnownFileType = sourcecode.c.objc; path = DownloadVideo.m; sourceTree = "<group>"; };
		F1129AE722CCC99D00540259 /* VideoCompress.h */ = {isa = PBXFileReference; fileEncoding = 4; lastKnownFileType = sourcecode.c.h; path = VideoCompress.h; sourceTree = "<group>"; };
		F1129AE822CCC99E00540259 /* VideoCompress.m */ = {isa = PBXFileReference; fileEncoding = 4; lastKnownFileType = sourcecode.c.objc; path = VideoCompress.m; sourceTree = "<group>"; };
		F113F1E622E9A408004F49A7 /* CustomRadianView.m */ = {isa = PBXFileReference; fileEncoding = 4; lastKnownFileType = sourcecode.c.objc; path = CustomRadianView.m; sourceTree = "<group>"; };
		F113F1E722E9A408004F49A7 /* CustomRadianView.h */ = {isa = PBXFileReference; fileEncoding = 4; lastKnownFileType = sourcecode.c.h; path = CustomRadianView.h; sourceTree = "<group>"; };
		F114D4A622AF8A480074377E /* CustomProgressView.h */ = {isa = PBXFileReference; fileEncoding = 4; lastKnownFileType = sourcecode.c.h; path = CustomProgressView.h; sourceTree = "<group>"; };
		F114D4A722AF8A480074377E /* CustomProgressView.m */ = {isa = PBXFileReference; fileEncoding = 4; lastKnownFileType = sourcecode.c.objc; path = CustomProgressView.m; sourceTree = "<group>"; };
		F126C46E224E1C0E00C24566 /* BaseTableViewController.h */ = {isa = PBXFileReference; lastKnownFileType = sourcecode.c.h; path = BaseTableViewController.h; sourceTree = "<group>"; };
		F126C46F224E1C0E00C24566 /* BaseTableViewController.m */ = {isa = PBXFileReference; lastKnownFileType = sourcecode.c.objc; path = BaseTableViewController.m; sourceTree = "<group>"; };
		F126C471224E20BC00C24566 /* BaseCollectionViewController.h */ = {isa = PBXFileReference; lastKnownFileType = sourcecode.c.h; path = BaseCollectionViewController.h; sourceTree = "<group>"; };
		F126C472224E20BC00C24566 /* BaseCollectionViewController.m */ = {isa = PBXFileReference; lastKnownFileType = sourcecode.c.objc; path = BaseCollectionViewController.m; sourceTree = "<group>"; };
		F126C474224E24B600C24566 /* UIViewController+CurrentViewController.h */ = {isa = PBXFileReference; lastKnownFileType = sourcecode.c.h; path = "UIViewController+CurrentViewController.h"; sourceTree = "<group>"; };
		F126C475224E24B600C24566 /* UIViewController+CurrentViewController.m */ = {isa = PBXFileReference; lastKnownFileType = sourcecode.c.objc; path = "UIViewController+CurrentViewController.m"; sourceTree = "<group>"; };
		F126C47A224E270900C24566 /* BasePushActionConfig.h */ = {isa = PBXFileReference; lastKnownFileType = sourcecode.c.h; path = BasePushActionConfig.h; sourceTree = "<group>"; };
		F126C47B224E283900C24566 /* TableViewController.h */ = {isa = PBXFileReference; lastKnownFileType = sourcecode.c.h; path = TableViewController.h; sourceTree = "<group>"; };
		F126C47C224E283900C24566 /* TableViewController.m */ = {isa = PBXFileReference; lastKnownFileType = sourcecode.c.objc; path = TableViewController.m; sourceTree = "<group>"; };
		F12CB25524289CB5005BEAB0 /* NSArray+Sudoku.h */ = {isa = PBXFileReference; fileEncoding = 4; lastKnownFileType = sourcecode.c.h; path = "NSArray+Sudoku.h"; sourceTree = "<group>"; };
		F12CB25624289CB6005BEAB0 /* NSArray+Sudoku.m */ = {isa = PBXFileReference; fileEncoding = 4; lastKnownFileType = sourcecode.c.objc; path = "NSArray+Sudoku.m"; sourceTree = "<group>"; };
		F12D6C542307CE3700AAC2CF /* UITextField+FuncChains.h */ = {isa = PBXFileReference; lastKnownFileType = sourcecode.c.h; path = "UITextField+FuncChains.h"; sourceTree = "<group>"; };
		F12D6C552307CE3700AAC2CF /* UITextField+FuncChains.m */ = {isa = PBXFileReference; lastKnownFileType = sourcecode.c.objc; path = "UITextField+FuncChains.m"; sourceTree = "<group>"; };
		F12D6C572307CE5A00AAC2CF /* UILabel+FuncChains.h */ = {isa = PBXFileReference; lastKnownFileType = sourcecode.c.h; path = "UILabel+FuncChains.h"; sourceTree = "<group>"; };
		F12D6C582307CE5A00AAC2CF /* UILabel+FuncChains.m */ = {isa = PBXFileReference; lastKnownFileType = sourcecode.c.objc; path = "UILabel+FuncChains.m"; sourceTree = "<group>"; };
		F12D6C5B2307CE9500AAC2CF /* UIButton+FuncChains.h */ = {isa = PBXFileReference; lastKnownFileType = sourcecode.c.h; path = "UIButton+FuncChains.h"; sourceTree = "<group>"; };
		F12D6C5C2307CE9500AAC2CF /* UIButton+FuncChains.m */ = {isa = PBXFileReference; lastKnownFileType = sourcecode.c.objc; path = "UIButton+FuncChains.m"; sourceTree = "<group>"; };
		F15503C02266BC77001FFE24 /* UITextField+LengthLimit.h */ = {isa = PBXFileReference; lastKnownFileType = sourcecode.c.h; path = "UITextField+LengthLimit.h"; sourceTree = "<group>"; };
		F15503C12266BC77001FFE24 /* UITextField+LengthLimit.m */ = {isa = PBXFileReference; lastKnownFileType = sourcecode.c.objc; path = "UITextField+LengthLimit.m"; sourceTree = "<group>"; };
		F187E9C1224B196A00293096 /* BaseTools.app */ = {isa = PBXFileReference; explicitFileType = wrapper.application; includeInIndex = 0; path = BaseTools.app; sourceTree = BUILT_PRODUCTS_DIR; };
		F187E9C4224B196A00293096 /* AppDelegate.h */ = {isa = PBXFileReference; lastKnownFileType = sourcecode.c.h; path = AppDelegate.h; sourceTree = "<group>"; };
		F187E9C5224B196A00293096 /* AppDelegate.m */ = {isa = PBXFileReference; lastKnownFileType = sourcecode.c.objc; path = AppDelegate.m; sourceTree = "<group>"; };
		F187E9C7224B196A00293096 /* ViewController.h */ = {isa = PBXFileReference; lastKnownFileType = sourcecode.c.h; path = ViewController.h; sourceTree = "<group>"; };
		F187E9C8224B196A00293096 /* ViewController.m */ = {isa = PBXFileReference; lastKnownFileType = sourcecode.c.objc; path = ViewController.m; sourceTree = "<group>"; };
		F187E9CB224B196A00293096 /* Base */ = {isa = PBXFileReference; lastKnownFileType = file.storyboard; name = Base; path = Base.lproj/Main.storyboard; sourceTree = "<group>"; };
		F187E9CD224B196B00293096 /* Assets.xcassets */ = {isa = PBXFileReference; lastKnownFileType = folder.assetcatalog; path = Assets.xcassets; sourceTree = "<group>"; };
		F187E9D0224B196B00293096 /* Base */ = {isa = PBXFileReference; lastKnownFileType = file.storyboard; name = Base; path = Base.lproj/LaunchScreen.storyboard; sourceTree = "<group>"; };
		F187E9D2224B196B00293096 /* Info.plist */ = {isa = PBXFileReference; lastKnownFileType = text.plist.xml; path = Info.plist; sourceTree = "<group>"; };
		F187E9D3224B196B00293096 /* main.m */ = {isa = PBXFileReference; lastKnownFileType = sourcecode.c.objc; path = main.m; sourceTree = "<group>"; };
		F187E9D9224B196B00293096 /* BaseToolsTests.xctest */ = {isa = PBXFileReference; explicitFileType = wrapper.cfbundle; includeInIndex = 0; path = BaseToolsTests.xctest; sourceTree = BUILT_PRODUCTS_DIR; };
		F187E9DD224B196B00293096 /* BaseToolsTests.m */ = {isa = PBXFileReference; lastKnownFileType = sourcecode.c.objc; path = BaseToolsTests.m; sourceTree = "<group>"; };
		F187E9DF224B196B00293096 /* Info.plist */ = {isa = PBXFileReference; lastKnownFileType = text.plist.xml; path = Info.plist; sourceTree = "<group>"; };
		F187E9E4224B196B00293096 /* BaseToolsUITests.xctest */ = {isa = PBXFileReference; explicitFileType = wrapper.cfbundle; includeInIndex = 0; path = BaseToolsUITests.xctest; sourceTree = BUILT_PRODUCTS_DIR; };
		F187E9E8224B196B00293096 /* BaseToolsUITests.m */ = {isa = PBXFileReference; lastKnownFileType = sourcecode.c.objc; path = BaseToolsUITests.m; sourceTree = "<group>"; };
		F187E9EA224B196B00293096 /* Info.plist */ = {isa = PBXFileReference; lastKnownFileType = text.plist.xml; path = Info.plist; sourceTree = "<group>"; };
		F187EB44224B567D00293096 /* BaseViewController.h */ = {isa = PBXFileReference; fileEncoding = 4; lastKnownFileType = sourcecode.c.h; path = BaseViewController.h; sourceTree = "<group>"; };
		F187EB45224B567D00293096 /* BaseWebViewController.m */ = {isa = PBXFileReference; fileEncoding = 4; lastKnownFileType = sourcecode.c.objc; path = BaseWebViewController.m; sourceTree = "<group>"; };
		F187EB46224B567D00293096 /* RootNavigationController.h */ = {isa = PBXFileReference; fileEncoding = 4; lastKnownFileType = sourcecode.c.h; path = RootNavigationController.h; sourceTree = "<group>"; };
		F187EB47224B567D00293096 /* BaseWebViewController.h */ = {isa = PBXFileReference; fileEncoding = 4; lastKnownFileType = sourcecode.c.h; path = BaseWebViewController.h; sourceTree = "<group>"; };
		F187EB48224B567D00293096 /* RootNavigationController.m */ = {isa = PBXFileReference; fileEncoding = 4; lastKnownFileType = sourcecode.c.objc; path = RootNavigationController.m; sourceTree = "<group>"; };
		F187EB49224B567E00293096 /* PchMacro.h */ = {isa = PBXFileReference; fileEncoding = 4; lastKnownFileType = sourcecode.c.h; path = PchMacro.h; sourceTree = "<group>"; };
		F187EB4A224B567E00293096 /* RootViewController.h */ = {isa = PBXFileReference; fileEncoding = 4; lastKnownFileType = sourcecode.c.h; path = RootViewController.h; sourceTree = "<group>"; };
		F187EB4B224B567E00293096 /* RootViewController.m */ = {isa = PBXFileReference; fileEncoding = 4; lastKnownFileType = sourcecode.c.objc; path = RootViewController.m; sourceTree = "<group>"; };
		F187EB4C224B567E00293096 /* BaseViewController.m */ = {isa = PBXFileReference; fileEncoding = 4; lastKnownFileType = sourcecode.c.objc; path = BaseViewController.m; sourceTree = "<group>"; };
		F187EB52224B568A00293096 /* NSDictionary+LXY.m */ = {isa = PBXFileReference; fileEncoding = 4; lastKnownFileType = sourcecode.c.objc; path = "NSDictionary+LXY.m"; sourceTree = "<group>"; };
		F187EB53224B568A00293096 /* UIScreen+Extension.m */ = {isa = PBXFileReference; fileEncoding = 4; lastKnownFileType = sourcecode.c.objc; path = "UIScreen+Extension.m"; sourceTree = "<group>"; };
		F187EB54224B568B00293096 /* UIView+IBExtension.h */ = {isa = PBXFileReference; fileEncoding = 4; lastKnownFileType = sourcecode.c.h; path = "UIView+IBExtension.h"; sourceTree = "<group>"; };
		F187EB55224B568B00293096 /* UIImage+Extension.h */ = {isa = PBXFileReference; fileEncoding = 4; lastKnownFileType = sourcecode.c.h; path = "UIImage+Extension.h"; sourceTree = "<group>"; };
		F187EB56224B568B00293096 /* UIApplication+Extensions.h */ = {isa = PBXFileReference; fileEncoding = 4; lastKnownFileType = sourcecode.c.h; path = "UIApplication+Extensions.h"; sourceTree = "<group>"; };
		F187EB57224B568B00293096 /* UIImage+WaterMark.h */ = {isa = PBXFileReference; fileEncoding = 4; lastKnownFileType = sourcecode.c.h; path = "UIImage+WaterMark.h"; sourceTree = "<group>"; };
		F187EB58224B568C00293096 /* UIView+Extension.h */ = {isa = PBXFileReference; fileEncoding = 4; lastKnownFileType = sourcecode.c.h; path = "UIView+Extension.h"; sourceTree = "<group>"; };
		F187EB59224B568C00293096 /* UIView+IBExtension.m */ = {isa = PBXFileReference; fileEncoding = 4; lastKnownFileType = sourcecode.c.objc; path = "UIView+IBExtension.m"; sourceTree = "<group>"; };
		F187EB5A224B568C00293096 /* CALayer+XibBorderColor.m */ = {isa = PBXFileReference; fileEncoding = 4; lastKnownFileType = sourcecode.c.objc; path = "CALayer+XibBorderColor.m"; sourceTree = "<group>"; };
		F187EB5C224B568C00293096 /* UIView+Extension.m */ = {isa = PBXFileReference; fileEncoding = 4; lastKnownFileType = sourcecode.c.objc; path = "UIView+Extension.m"; sourceTree = "<group>"; };
		F187EB5E224B568D00293096 /* UIApplication+Extensions.m */ = {isa = PBXFileReference; fileEncoding = 4; lastKnownFileType = sourcecode.c.objc; path = "UIApplication+Extensions.m"; sourceTree = "<group>"; };
		F187EB5F224B568D00293096 /* UIImage+Extension.m */ = {isa = PBXFileReference; fileEncoding = 4; lastKnownFileType = sourcecode.c.objc; path = "UIImage+Extension.m"; sourceTree = "<group>"; };
		F187EB61224B568D00293096 /* UIImage+WaterMark.m */ = {isa = PBXFileReference; fileEncoding = 4; lastKnownFileType = sourcecode.c.objc; path = "UIImage+WaterMark.m"; sourceTree = "<group>"; };
		F187EB62224B568E00293096 /* UIColor+ColorHexadecimal.h */ = {isa = PBXFileReference; fileEncoding = 4; lastKnownFileType = sourcecode.c.h; path = "UIColor+ColorHexadecimal.h"; sourceTree = "<group>"; };
		F187EB63224B568E00293096 /* UIScreen+Extension.h */ = {isa = PBXFileReference; fileEncoding = 4; lastKnownFileType = sourcecode.c.h; path = "UIScreen+Extension.h"; sourceTree = "<group>"; };
		F187EB67224B568F00293096 /* CALayer+XibBorderColor.h */ = {isa = PBXFileReference; fileEncoding = 4; lastKnownFileType = sourcecode.c.h; path = "CALayer+XibBorderColor.h"; sourceTree = "<group>"; };
		F187EB68224B568F00293096 /* MBProgressHUD+MBExtension.h */ = {isa = PBXFileReference; fileEncoding = 4; lastKnownFileType = sourcecode.c.h; path = "MBProgressHUD+MBExtension.h"; sourceTree = "<group>"; };
		F187EB69224B568F00293096 /* NSArray+LXY.h */ = {isa = PBXFileReference; fileEncoding = 4; lastKnownFileType = sourcecode.c.h; path = "NSArray+LXY.h"; sourceTree = "<group>"; };
		F187EB6B224B568F00293096 /* NSDate+Extension.h */ = {isa = PBXFileReference; fileEncoding = 4; lastKnownFileType = sourcecode.c.h; path = "NSDate+Extension.h"; sourceTree = "<group>"; };
		F187EB6C224B569000293096 /* NSArray+LXY.m */ = {isa = PBXFileReference; fileEncoding = 4; lastKnownFileType = sourcecode.c.objc; path = "NSArray+LXY.m"; sourceTree = "<group>"; };
		F187EB6D224B569000293096 /* NSDictionary+LXY.h */ = {isa = PBXFileReference; fileEncoding = 4; lastKnownFileType = sourcecode.c.h; path = "NSDictionary+LXY.h"; sourceTree = "<group>"; };
		F187EB6F224B569000293096 /* NSDate+Extension.m */ = {isa = PBXFileReference; fileEncoding = 4; lastKnownFileType = sourcecode.c.objc; path = "NSDate+Extension.m"; sourceTree = "<group>"; };
		F187EB70224B569100293096 /* UIColor+ColorHexadecimal.m */ = {isa = PBXFileReference; fileEncoding = 4; lastKnownFileType = sourcecode.c.objc; path = "UIColor+ColorHexadecimal.m"; sourceTree = "<group>"; };
		F187EB71224B569100293096 /* MBProgressHUD+MBExtension.m */ = {isa = PBXFileReference; fileEncoding = 4; lastKnownFileType = sourcecode.c.objc; path = "MBProgressHUD+MBExtension.m"; sourceTree = "<group>"; };
		F187EB82224B569E00293096 /* LXYQRCodeOverlayView.m */ = {isa = PBXFileReference; fileEncoding = 4; lastKnownFileType = sourcecode.c.objc; path = LXYQRCodeOverlayView.m; sourceTree = "<group>"; };
		F187EB83224B569E00293096 /* QRCodebottomRight@2x.png */ = {isa = PBXFileReference; lastKnownFileType = image.png; path = "QRCodebottomRight@2x.png"; sourceTree = "<group>"; };
		F187EB84224B569E00293096 /* QRCodeTopRight@3x.png */ = {isa = PBXFileReference; lastKnownFileType = image.png; path = "QRCodeTopRight@3x.png"; sourceTree = "<group>"; };
		F187EB85224B569F00293096 /* QRCodeScanViewController.m */ = {isa = PBXFileReference; fileEncoding = 4; lastKnownFileType = sourcecode.c.objc; path = QRCodeScanViewController.m; sourceTree = "<group>"; };
		F187EB86224B569F00293096 /* LXYQRCodeUtility.h */ = {isa = PBXFileReference; fileEncoding = 4; lastKnownFileType = sourcecode.c.h; path = LXYQRCodeUtility.h; sourceTree = "<group>"; };
		F187EB87224B569F00293096 /* AVCaptureVideoPreviewLayer+Helper.m */ = {isa = PBXFileReference; fileEncoding = 4; lastKnownFileType = sourcecode.c.objc; path = "AVCaptureVideoPreviewLayer+Helper.m"; sourceTree = "<group>"; };
		F187EB88224B569F00293096 /* QRCodeLine@3x.png */ = {isa = PBXFileReference; lastKnownFileType = image.png; path = "QRCodeLine@3x.png"; sourceTree = "<group>"; };
		F187EB89224B569F00293096 /* LXYQRCodeUtility.m */ = {isa = PBXFileReference; fileEncoding = 4; lastKnownFileType = sourcecode.c.objc; path = LXYQRCodeUtility.m; sourceTree = "<group>"; };
		F187EB8A224B569F00293096 /* QRCodebottomLeft@2x.png */ = {isa = PBXFileReference; lastKnownFileType = image.png; path = "QRCodebottomLeft@2x.png"; sourceTree = "<group>"; };
		F187EB8B224B56A000293096 /* QRCodeScanViewController.h */ = {isa = PBXFileReference; fileEncoding = 4; lastKnownFileType = sourcecode.c.h; path = QRCodeScanViewController.h; sourceTree = "<group>"; };
		F187EB8C224B56A000293096 /* QRCodeTopLeft@3x.png */ = {isa = PBXFileReference; lastKnownFileType = image.png; path = "QRCodeTopLeft@3x.png"; sourceTree = "<group>"; };
		F187EB8D224B56A000293096 /* QRCodebottomLeft@3x.png */ = {isa = PBXFileReference; lastKnownFileType = image.png; path = "QRCodebottomLeft@3x.png"; sourceTree = "<group>"; };
		F187EB8E224B56A000293096 /* QRCodeTopLeft@2x.png */ = {isa = PBXFileReference; lastKnownFileType = image.png; path = "QRCodeTopLeft@2x.png"; sourceTree = "<group>"; };
		F187EB8F224B56A000293096 /* QRCodeTopRight@2x.png */ = {isa = PBXFileReference; lastKnownFileType = image.png; path = "QRCodeTopRight@2x.png"; sourceTree = "<group>"; };
		F187EB90224B56A000293096 /* QRCodeLine@2x.png */ = {isa = PBXFileReference; lastKnownFileType = image.png; path = "QRCodeLine@2x.png"; sourceTree = "<group>"; };
		F187EB91224B56A000293096 /* LXYQRCodeOverlayView.h */ = {isa = PBXFileReference; fileEncoding = 4; lastKnownFileType = sourcecode.c.h; path = LXYQRCodeOverlayView.h; sourceTree = "<group>"; };
		F187EB92224B56A100293096 /* AVCaptureVideoPreviewLayer+Helper.h */ = {isa = PBXFileReference; fileEncoding = 4; lastKnownFileType = sourcecode.c.h; path = "AVCaptureVideoPreviewLayer+Helper.h"; sourceTree = "<group>"; };
		F187EB93224B56A100293096 /* QRCodebottomRight@3x.png */ = {isa = PBXFileReference; lastKnownFileType = image.png; path = "QRCodebottomRight@3x.png"; sourceTree = "<group>"; };
		F187EBA2224B56AD00293096 /* TBCityIconFont.h */ = {isa = PBXFileReference; fileEncoding = 4; lastKnownFileType = sourcecode.c.h; path = TBCityIconFont.h; sourceTree = "<group>"; };
		F187EBA3224B56AE00293096 /* TBCityIconFont.m */ = {isa = PBXFileReference; fileEncoding = 4; lastKnownFileType = sourcecode.c.objc; path = TBCityIconFont.m; sourceTree = "<group>"; };
		F187EBA4224B56AE00293096 /* TBCityIconInfo.h */ = {isa = PBXFileReference; fileEncoding = 4; lastKnownFileType = sourcecode.c.h; path = TBCityIconInfo.h; sourceTree = "<group>"; };
		F187EBA5224B56AE00293096 /* TBCityIconInfo.m */ = {isa = PBXFileReference; fileEncoding = 4; lastKnownFileType = sourcecode.c.objc; path = TBCityIconInfo.m; sourceTree = "<group>"; };
		F187EBA6224B56AE00293096 /* UIImage+TBCityIconFont.h */ = {isa = PBXFileReference; fileEncoding = 4; lastKnownFileType = sourcecode.c.h; path = "UIImage+TBCityIconFont.h"; sourceTree = "<group>"; };
		F187EBA7224B56AE00293096 /* UIImage+TBCityIconFont.m */ = {isa = PBXFileReference; fileEncoding = 4; lastKnownFileType = sourcecode.c.objc; path = "UIImage+TBCityIconFont.m"; sourceTree = "<group>"; };
		F187EBAB224B56B700293096 /* MD5.m */ = {isa = PBXFileReference; fileEncoding = 4; lastKnownFileType = sourcecode.c.objc; path = MD5.m; sourceTree = "<group>"; };
		F187EBAC224B56B800293096 /* MD5.h */ = {isa = PBXFileReference; fileEncoding = 4; lastKnownFileType = sourcecode.c.h; path = MD5.h; sourceTree = "<group>"; };
		F187EBAE224B56C600293096 /* CustomBtn.m */ = {isa = PBXFileReference; fileEncoding = 4; lastKnownFileType = sourcecode.c.objc; path = CustomBtn.m; sourceTree = "<group>"; };
		F187EBB0224B56C600293096 /* CustomBtn.h */ = {isa = PBXFileReference; fileEncoding = 4; lastKnownFileType = sourcecode.c.h; path = CustomBtn.h; sourceTree = "<group>"; };
		F187EBB1224B56C600293096 /* OppositeBtn.h */ = {isa = PBXFileReference; fileEncoding = 4; lastKnownFileType = sourcecode.c.h; path = OppositeBtn.h; sourceTree = "<group>"; };
		F187EBB2224B56C600293096 /* OppositeBtn.m */ = {isa = PBXFileReference; fileEncoding = 4; lastKnownFileType = sourcecode.c.objc; path = OppositeBtn.m; sourceTree = "<group>"; };
		F187EBB3224B56C700293096 /* PWDInputView.h */ = {isa = PBXFileReference; fileEncoding = 4; lastKnownFileType = sourcecode.c.h; path = PWDInputView.h; sourceTree = "<group>"; };
		F187EBB4224B56C700293096 /* PWDInputView.m */ = {isa = PBXFileReference; fileEncoding = 4; lastKnownFileType = sourcecode.c.objc; path = PWDInputView.m; sourceTree = "<group>"; };
		F187EBB5224B56C700293096 /* SkyRadiusView.h */ = {isa = PBXFileReference; fileEncoding = 4; lastKnownFileType = sourcecode.c.h; path = SkyRadiusView.h; sourceTree = "<group>"; };
		F187EBB6224B56C700293096 /* SkyRadiusView.m */ = {isa = PBXFileReference; fileEncoding = 4; lastKnownFileType = sourcecode.c.objc; path = SkyRadiusView.m; sourceTree = "<group>"; };
		F187EBB7224B56C700293096 /* CustomTextView.h */ = {isa = PBXFileReference; fileEncoding = 4; lastKnownFileType = sourcecode.c.h; path = CustomTextView.h; sourceTree = "<group>"; };
		F187EBB8224B56C700293096 /* CustomTextView.m */ = {isa = PBXFileReference; fileEncoding = 4; lastKnownFileType = sourcecode.c.objc; path = CustomTextView.m; sourceTree = "<group>"; };
		F187EBC0224B56F600293096 /* CustomNetWork.m */ = {isa = PBXFileReference; fileEncoding = 4; lastKnownFileType = sourcecode.c.objc; path = CustomNetWork.m; sourceTree = "<group>"; };
		F187EBC1224B56F600293096 /* ChineseToPinyin.m */ = {isa = PBXFileReference; fileEncoding = 4; lastKnownFileType = sourcecode.c.objc; path = ChineseToPinyin.m; sourceTree = "<group>"; };
		F187EBC2224B56F600293096 /* DateOperation.m */ = {isa = PBXFileReference; fileEncoding = 4; lastKnownFileType = sourcecode.c.objc; path = DateOperation.m; sourceTree = "<group>"; };
		F187EBC3224B56F600293096 /* DateOperation.h */ = {isa = PBXFileReference; fileEncoding = 4; lastKnownFileType = sourcecode.c.h; path = DateOperation.h; sourceTree = "<group>"; };
		F187EBC4224B56F700293096 /* CustomTools.h */ = {isa = PBXFileReference; fileEncoding = 4; lastKnownFileType = sourcecode.c.h; path = CustomTools.h; sourceTree = "<group>"; };
		F187EBC5224B56F700293096 /* ChineseToPinyin.h */ = {isa = PBXFileReference; fileEncoding = 4; lastKnownFileType = sourcecode.c.h; path = ChineseToPinyin.h; sourceTree = "<group>"; };
		F187EBC6224B56F700293096 /* CustomNetWork.h */ = {isa = PBXFileReference; fileEncoding = 4; lastKnownFileType = sourcecode.c.h; path = CustomNetWork.h; sourceTree = "<group>"; };
		F187EBC7224B56F700293096 /* CustomTools.m */ = {isa = PBXFileReference; fileEncoding = 4; lastKnownFileType = sourcecode.c.objc; path = CustomTools.m; sourceTree = "<group>"; };
		F187EBCC224B56FF00293096 /* GetUUID.m */ = {isa = PBXFileReference; fileEncoding = 4; lastKnownFileType = sourcecode.c.objc; path = GetUUID.m; sourceTree = "<group>"; };
		F187EBCD224B56FF00293096 /* GetUUID.h */ = {isa = PBXFileReference; fileEncoding = 4; lastKnownFileType = sourcecode.c.h; path = GetUUID.h; sourceTree = "<group>"; };
		F187EBCE224B56FF00293096 /* KeyChainStore.h */ = {isa = PBXFileReference; fileEncoding = 4; lastKnownFileType = sourcecode.c.h; path = KeyChainStore.h; sourceTree = "<group>"; };
		F187EBCF224B56FF00293096 /* KeyChainStore.m */ = {isa = PBXFileReference; fileEncoding = 4; lastKnownFileType = sourcecode.c.objc; path = KeyChainStore.m; sourceTree = "<group>"; };
		F187EBD2224B570800293096 /* WRCustomNavigationBar.m */ = {isa = PBXFileReference; fileEncoding = 4; lastKnownFileType = sourcecode.c.objc; path = WRCustomNavigationBar.m; sourceTree = "<group>"; };
		F187EBD3224B570800293096 /* WRCustomNavigationBar.h */ = {isa = PBXFileReference; fileEncoding = 4; lastKnownFileType = sourcecode.c.h; path = WRCustomNavigationBar.h; sourceTree = "<group>"; };
		F187EBD4224B570800293096 /* WRNavigationBar.m */ = {isa = PBXFileReference; fileEncoding = 4; lastKnownFileType = sourcecode.c.objc; path = WRNavigationBar.m; sourceTree = "<group>"; };
		F187EBD5224B570800293096 /* WRNavigationBar.h */ = {isa = PBXFileReference; fileEncoding = 4; lastKnownFileType = sourcecode.c.h; path = WRNavigationBar.h; sourceTree = "<group>"; };
		F187EBD8224B58D200293096 /* PrefixHeader.pch */ = {isa = PBXFileReference; lastKnownFileType = sourcecode.c.h; path = PrefixHeader.pch; sourceTree = "<group>"; };
		F18FB1E2226EF67A00C77619 /* UIImage+ImageSize.h */ = {isa = PBXFileReference; lastKnownFileType = sourcecode.c.h; path = "UIImage+ImageSize.h"; sourceTree = "<group>"; };
		F18FB1E3226EF67A00C77619 /* UIImage+ImageSize.m */ = {isa = PBXFileReference; lastKnownFileType = sourcecode.c.objc; path = "UIImage+ImageSize.m"; sourceTree = "<group>"; };
		F19FC8E4224E05D90044772B /* MineViewController.h */ = {isa = PBXFileReference; lastKnownFileType = sourcecode.c.h; path = MineViewController.h; sourceTree = "<group>"; };
		F19FC8E5224E05D90044772B /* MineViewController.m */ = {isa = PBXFileReference; lastKnownFileType = sourcecode.c.objc; path = MineViewController.m; sourceTree = "<group>"; };
		F19FC8E7224E05E80044772B /* HomeViewController.h */ = {isa = PBXFileReference; lastKnownFileType = sourcecode.c.h; path = HomeViewController.h; sourceTree = "<group>"; };
		F19FC8E8224E05E80044772B /* HomeViewController.m */ = {isa = PBXFileReference; lastKnownFileType = sourcecode.c.objc; path = HomeViewController.m; sourceTree = "<group>"; };
		F1B7450F22544B8E00ED5A29 /* SaveImageManager.m */ = {isa = PBXFileReference; fileEncoding = 4; lastKnownFileType = sourcecode.c.objc; path = SaveImageManager.m; sourceTree = "<group>"; };
		F1B7451022544B8E00ED5A29 /* SaveImageManager.h */ = {isa = PBXFileReference; fileEncoding = 4; lastKnownFileType = sourcecode.c.h; path = SaveImageManager.h; sourceTree = "<group>"; };
		F1B9297B2462D3E90077969A /* BaseViewModel.h */ = {isa = PBXFileReference; lastKnownFileType = sourcecode.c.h; path = BaseViewModel.h; sourceTree = "<group>"; };
		F1B9297C2462D3E90077969A /* BaseViewModel.m */ = {isa = PBXFileReference; lastKnownFileType = sourcecode.c.objc; path = BaseViewModel.m; sourceTree = "<group>"; };
		F1D2CF0922560D6700E30B6E /* WKWebViewController.h */ = {isa = PBXFileReference; lastKnownFileType = sourcecode.c.h; path = WKWebViewController.h; sourceTree = "<group>"; };
		F1D2CF0A22560D6700E30B6E /* WKWebViewController.m */ = {isa = PBXFileReference; lastKnownFileType = sourcecode.c.objc; path = WKWebViewController.m; sourceTree = "<group>"; };
		F1D3C08F2253108B0008222A /* CollectionViewController.h */ = {isa = PBXFileReference; lastKnownFileType = sourcecode.c.h; path = CollectionViewController.h; sourceTree = "<group>"; };
		F1D3C0902253108B0008222A /* CollectionViewController.m */ = {isa = PBXFileReference; lastKnownFileType = sourcecode.c.objc; path = CollectionViewController.m; sourceTree = "<group>"; };
		F1F7C39B22689D1A002774B1 /* CollectionAlignmentFlowLayout.h */ = {isa = PBXFileReference; lastKnownFileType = sourcecode.c.h; path = CollectionAlignmentFlowLayout.h; sourceTree = "<group>"; };
		F1F7C39C22689D1A002774B1 /* CollectionAlignmentFlowLayout.m */ = {isa = PBXFileReference; lastKnownFileType = sourcecode.c.objc; path = CollectionAlignmentFlowLayout.m; sourceTree = "<group>"; };
		F1F7C39E2269BF49002774B1 /* CustomAlert.h */ = {isa = PBXFileReference; lastKnownFileType = sourcecode.c.h; path = CustomAlert.h; sourceTree = "<group>"; };
		F1F7C39F2269BF49002774B1 /* CustomAlert.m */ = {isa = PBXFileReference; lastKnownFileType = sourcecode.c.objc; path = CustomAlert.m; sourceTree = "<group>"; };
/* End PBXFileReference section */

/* Begin PBXFrameworksBuildPhase section */
		F187E9BE224B196A00293096 /* Frameworks */ = {
			isa = PBXFrameworksBuildPhase;
			buildActionMask = 2147483647;
			files = (
				89F356C42DAD80ACEE975460 /* libPods-BaseTools.a in Frameworks */,
			);
			runOnlyForDeploymentPostprocessing = 0;
		};
		F187E9D6224B196B00293096 /* Frameworks */ = {
			isa = PBXFrameworksBuildPhase;
			buildActionMask = 2147483647;
			files = (
			);
			runOnlyForDeploymentPostprocessing = 0;
		};
		F187E9E1224B196B00293096 /* Frameworks */ = {
			isa = PBXFrameworksBuildPhase;
			buildActionMask = 2147483647;
			files = (
			);
			runOnlyForDeploymentPostprocessing = 0;
		};
/* End PBXFrameworksBuildPhase section */

/* Begin PBXGroup section */
		046B988524581DB900979059 /* FuncControl */ = {
			isa = PBXGroup;
			children = (
				F12D6C572307CE5A00AAC2CF /* UILabel+FuncChains.h */,
				F12D6C582307CE5A00AAC2CF /* UILabel+FuncChains.m */,
				F12D6C5B2307CE9500AAC2CF /* UIButton+FuncChains.h */,
				F12D6C5C2307CE9500AAC2CF /* UIButton+FuncChains.m */,
				F12D6C542307CE3700AAC2CF /* UITextField+FuncChains.h */,
				F12D6C552307CE3700AAC2CF /* UITextField+FuncChains.m */,
			);
			path = FuncControl;
			sourceTree = "<group>";
		};
		046B988624581E4C00979059 /* CustomCorner */ = {
			isa = PBXGroup;
			children = (
				046B988724581E9000979059 /* UIView+CustomCornerBorder.h */,
				046B988824581E9000979059 /* UIView+CustomCornerBorder.m */,
				046B988A24581F0C00979059 /* UIView+CustomCornerRadius.h */,
				046B988B24581F0C00979059 /* UIView+CustomCornerRadius.m */,
			);
			path = CustomCorner;
			sourceTree = "<group>";
		};
		0BCE883EE62F8C70747FED58 /* Frameworks */ = {
			isa = PBXGroup;
			children = (
				5D5EFE9DF16FD4ED1B74B4B1 /* libPods-BaseTools.a */,
			);
			name = Frameworks;
			sourceTree = "<group>";
		};
		C6B3FC139918C664C390B85D /* Pods */ = {
			isa = PBXGroup;
			children = (
				2B14B0D25CB62361C4CE8704 /* Pods-BaseTools.debug.xcconfig */,
				0E169E40CCC4E780F8D7460A /* Pods-BaseTools.release.xcconfig */,
			);
			path = Pods;
			sourceTree = "<group>";
		};
		F1354172224B603F00071241 /* Other */ = {
			isa = PBXGroup;
			children = (
				F187E9C7224B196A00293096 /* ViewController.h */,
				F187E9C8224B196A00293096 /* ViewController.m */,
				F187E9CA224B196A00293096 /* Main.storyboard */,
				F187E9CD224B196B00293096 /* Assets.xcassets */,
				F187E9CF224B196B00293096 /* LaunchScreen.storyboard */,
				F187E9D2224B196B00293096 /* Info.plist */,
				F187E9D3224B196B00293096 /* main.m */,
			);
			path = Other;
			sourceTree = "<group>";
		};
		F187E9B8224B196A00293096 = {
			isa = PBXGroup;
			children = (
				F187EAA1224B55ED00293096 /* BaseUtility */,
				F187E9C3224B196A00293096 /* BaseTools */,
				F187E9DC224B196B00293096 /* BaseToolsTests */,
				F187E9E7224B196B00293096 /* BaseToolsUITests */,
				F187E9C2224B196A00293096 /* Products */,
				C6B3FC139918C664C390B85D /* Pods */,
				0BCE883EE62F8C70747FED58 /* Frameworks */,
			);
			sourceTree = "<group>";
		};
		F187E9C2224B196A00293096 /* Products */ = {
			isa = PBXGroup;
			children = (
				F187E9C1224B196A00293096 /* BaseTools.app */,
				F187E9D9224B196B00293096 /* BaseToolsTests.xctest */,
				F187E9E4224B196B00293096 /* BaseToolsUITests.xctest */,
			);
			name = Products;
			sourceTree = "<group>";
		};
		F187E9C3224B196A00293096 /* BaseTools */ = {
			isa = PBXGroup;
			children = (
				F187E9C4224B196A00293096 /* AppDelegate.h */,
				F187E9C5224B196A00293096 /* AppDelegate.m */,
				F19FC8E7224E05E80044772B /* HomeViewController.h */,
				F19FC8E8224E05E80044772B /* HomeViewController.m */,
				F19FC8E4224E05D90044772B /* MineViewController.h */,
				F19FC8E5224E05D90044772B /* MineViewController.m */,
				F126C47B224E283900C24566 /* TableViewController.h */,
				F126C47C224E283900C24566 /* TableViewController.m */,
				F1D3C08F2253108B0008222A /* CollectionViewController.h */,
				F1D3C0902253108B0008222A /* CollectionViewController.m */,
				F1D2CF0922560D6700E30B6E /* WKWebViewController.h */,
				F1D2CF0A22560D6700E30B6E /* WKWebViewController.m */,
				F187EBD8224B58D200293096 /* PrefixHeader.pch */,
				F1354172224B603F00071241 /* Other */,
			);
			path = BaseTools;
			sourceTree = "<group>";
		};
		F187E9DC224B196B00293096 /* BaseToolsTests */ = {
			isa = PBXGroup;
			children = (
				F187E9DD224B196B00293096 /* BaseToolsTests.m */,
				F187E9DF224B196B00293096 /* Info.plist */,
			);
			path = BaseToolsTests;
			sourceTree = "<group>";
		};
		F187E9E7224B196B00293096 /* BaseToolsUITests */ = {
			isa = PBXGroup;
			children = (
				F187E9E8224B196B00293096 /* BaseToolsUITests.m */,
				F187E9EA224B196B00293096 /* Info.plist */,
			);
			path = BaseToolsUITests;
			sourceTree = "<group>";
		};
		F187EAA1224B55ED00293096 /* BaseUtility */ = {
			isa = PBXGroup;
			children = (
				F187EAA2224B55ED00293096 /* Tools */,
				F19FC8EA224E068A0044772B /* Base */,
				F187EB01224B55EE00293096 /* Main */,
			);
			path = BaseUtility;
			sourceTree = "<group>";
		};
		F187EAA2224B55ED00293096 /* Tools */ = {
			isa = PBXGroup;
			children = (
				F187EAA3224B55ED00293096 /* ToolsClass */,
				F187EAAC224B55ED00293096 /* MD5 */,
				F187EAAF224B55ED00293096 /* Category */,
				F187EAD0224B55EE00293096 /* CodeScan */,
				F187EAE3224B55EE00293096 /* IconFont */,
				F187EAEA224B55EE00293096 /* PublicView */,
				F187EAF7224B55EE00293096 /* WRNavigationBar */,
				F187EAFC224B55EE00293096 /* UUID */,
			);
			path = Tools;
			sourceTree = "<group>";
		};
		F187EAA3224B55ED00293096 /* ToolsClass */ = {
			isa = PBXGroup;
			children = (
				F187EBC5224B56F700293096 /* ChineseToPinyin.h */,
				F187EBC1224B56F600293096 /* ChineseToPinyin.m */,
				F187EBC6224B56F700293096 /* CustomNetWork.h */,
				F187EBC0224B56F600293096 /* CustomNetWork.m */,
				F187EBC4224B56F700293096 /* CustomTools.h */,
				F187EBC7224B56F700293096 /* CustomTools.m */,
				F1F7C39E2269BF49002774B1 /* CustomAlert.h */,
				F1F7C39F2269BF49002774B1 /* CustomAlert.m */,
				F187EBC3224B56F600293096 /* DateOperation.h */,
				F187EBC2224B56F600293096 /* DateOperation.m */,
				F1B7451022544B8E00ED5A29 /* SaveImageManager.h */,
				F1B7450F22544B8E00ED5A29 /* SaveImageManager.m */,
				F104D92622844D87004D340F /* DownloadVideo.h */,
				F104D92722844D87004D340F /* DownloadVideo.m */,
				F1129AE722CCC99D00540259 /* VideoCompress.h */,
				F1129AE822CCC99E00540259 /* VideoCompress.m */,
				F1F7C39B22689D1A002774B1 /* CollectionAlignmentFlowLayout.h */,
				F1F7C39C22689D1A002774B1 /* CollectionAlignmentFlowLayout.m */,
			);
			path = ToolsClass;
			sourceTree = "<group>";
		};
		F187EAAC224B55ED00293096 /* MD5 */ = {
			isa = PBXGroup;
			children = (
				F187EBAC224B56B800293096 /* MD5.h */,
				F187EBAB224B56B700293096 /* MD5.m */,
			);
			path = MD5;
			sourceTree = "<group>";
		};
		F187EAAF224B55ED00293096 /* Category */ = {
			isa = PBXGroup;
			children = (
				046B988624581E4C00979059 /* CustomCorner */,
				046B988524581DB900979059 /* FuncControl */,
				F187EB67224B568F00293096 /* CALayer+XibBorderColor.h */,
				F187EB5A224B568C00293096 /* CALayer+XibBorderColor.m */,
				F187EB68224B568F00293096 /* MBProgressHUD+MBExtension.h */,
				F187EB71224B569100293096 /* MBProgressHUD+MBExtension.m */,
				F187EB69224B568F00293096 /* NSArray+LXY.h */,
				F187EB6C224B569000293096 /* NSArray+LXY.m */,
				F187EB6B224B568F00293096 /* NSDate+Extension.h */,
				F187EB6F224B569000293096 /* NSDate+Extension.m */,
				F187EB6D224B569000293096 /* NSDictionary+LXY.h */,
				F187EB52224B568A00293096 /* NSDictionary+LXY.m */,
				F187EB56224B568B00293096 /* UIApplication+Extensions.h */,
				F187EB5E224B568D00293096 /* UIApplication+Extensions.m */,
				F15503C02266BC77001FFE24 /* UITextField+LengthLimit.h */,
				F15503C12266BC77001FFE24 /* UITextField+LengthLimit.m */,
				F187EB62224B568E00293096 /* UIColor+ColorHexadecimal.h */,
				F187EB70224B569100293096 /* UIColor+ColorHexadecimal.m */,
				F187EB55224B568B00293096 /* UIImage+Extension.h */,
				F187EB5F224B568D00293096 /* UIImage+Extension.m */,
				F18FB1E2226EF67A00C77619 /* UIImage+ImageSize.h */,
				F18FB1E3226EF67A00C77619 /* UIImage+ImageSize.m */,
				F187EB57224B568B00293096 /* UIImage+WaterMark.h */,
				F187EB61224B568D00293096 /* UIImage+WaterMark.m */,
				F187EB63224B568E00293096 /* UIScreen+Extension.h */,
				F187EB53224B568A00293096 /* UIScreen+Extension.m */,
				F187EB58224B568C00293096 /* UIView+Extension.h */,
				F187EB5C224B568C00293096 /* UIView+Extension.m */,
				F187EB54224B568B00293096 /* UIView+IBExtension.h */,
				F187EB59224B568C00293096 /* UIView+IBExtension.m */,
				F12CB25524289CB5005BEAB0 /* NSArray+Sudoku.h */,
				F12CB25624289CB6005BEAB0 /* NSArray+Sudoku.m */,
				3D43964B23B9A76200C0244A /* NSObject+SwizzleMethod.h */,
				3D43964C23B9A76200C0244A /* NSObject+SwizzleMethod.m */,
				F126C474224E24B600C24566 /* UIViewController+CurrentViewController.h */,
				F126C475224E24B600C24566 /* UIViewController+CurrentViewController.m */,
			);
			path = Category;
			sourceTree = "<group>";
		};
		F187EAD0224B55EE00293096 /* CodeScan */ = {
			isa = PBXGroup;
			children = (
				F187EB92224B56A100293096 /* AVCaptureVideoPreviewLayer+Helper.h */,
				F187EB87224B569F00293096 /* AVCaptureVideoPreviewLayer+Helper.m */,
				F187EB91224B56A000293096 /* LXYQRCodeOverlayView.h */,
				F187EB82224B569E00293096 /* LXYQRCodeOverlayView.m */,
				F187EB86224B569F00293096 /* LXYQRCodeUtility.h */,
				F187EB89224B569F00293096 /* LXYQRCodeUtility.m */,
				F187EB8A224B569F00293096 /* QRCodebottomLeft@2x.png */,
				F187EB8D224B56A000293096 /* QRCodebottomLeft@3x.png */,
				F187EB83224B569E00293096 /* QRCodebottomRight@2x.png */,
				F187EB93224B56A100293096 /* QRCodebottomRight@3x.png */,
				F187EB90224B56A000293096 /* QRCodeLine@2x.png */,
				F187EB88224B569F00293096 /* QRCodeLine@3x.png */,
				F187EB8B224B56A000293096 /* QRCodeScanViewController.h */,
				F187EB85224B569F00293096 /* QRCodeScanViewController.m */,
				F187EB8E224B56A000293096 /* QRCodeTopLeft@2x.png */,
				F187EB8C224B56A000293096 /* QRCodeTopLeft@3x.png */,
				F187EB8F224B56A000293096 /* QRCodeTopRight@2x.png */,
				F187EB84224B569E00293096 /* QRCodeTopRight@3x.png */,
			);
			path = CodeScan;
			sourceTree = "<group>";
		};
		F187EAE3224B55EE00293096 /* IconFont */ = {
			isa = PBXGroup;
			children = (
				F187EBA2224B56AD00293096 /* TBCityIconFont.h */,
				F187EBA3224B56AE00293096 /* TBCityIconFont.m */,
				F187EBA4224B56AE00293096 /* TBCityIconInfo.h */,
				F187EBA5224B56AE00293096 /* TBCityIconInfo.m */,
				F187EBA6224B56AE00293096 /* UIImage+TBCityIconFont.h */,
				F187EBA7224B56AE00293096 /* UIImage+TBCityIconFont.m */,
			);
			path = IconFont;
			sourceTree = "<group>";
		};
		F187EAEA224B55EE00293096 /* PublicView */ = {
			isa = PBXGroup;
			children = (
				F187EBB0224B56C600293096 /* CustomBtn.h */,
				F187EBAE224B56C600293096 /* CustomBtn.m */,
				F187EBB7224B56C700293096 /* CustomTextView.h */,
				F187EBB8224B56C700293096 /* CustomTextView.m */,
				F187EBB1224B56C600293096 /* OppositeBtn.h */,
				F187EBB2224B56C600293096 /* OppositeBtn.m */,
				F187EBB3224B56C700293096 /* PWDInputView.h */,
				F187EBB4224B56C700293096 /* PWDInputView.m */,
				F187EBB5224B56C700293096 /* SkyRadiusView.h */,
				F187EBB6224B56C700293096 /* SkyRadiusView.m */,
				F113F1E722E9A408004F49A7 /* CustomRadianView.h */,
				F113F1E622E9A408004F49A7 /* CustomRadianView.m */,
				F114D4A622AF8A480074377E /* CustomProgressView.h */,
				F114D4A722AF8A480074377E /* CustomProgressView.m */,
			);
			path = PublicView;
			sourceTree = "<group>";
		};
		F187EAF7224B55EE00293096 /* WRNavigationBar */ = {
			isa = PBXGroup;
			children = (
				F187EBD3224B570800293096 /* WRCustomNavigationBar.h */,
				F187EBD2224B570800293096 /* WRCustomNavigationBar.m */,
				F187EBD5224B570800293096 /* WRNavigationBar.h */,
				F187EBD4224B570800293096 /* WRNavigationBar.m */,
			);
			path = WRNavigationBar;
			sourceTree = "<group>";
		};
		F187EAFC224B55EE00293096 /* UUID */ = {
			isa = PBXGroup;
			children = (
				F187EBCD224B56FF00293096 /* GetUUID.h */,
				F187EBCC224B56FF00293096 /* GetUUID.m */,
				F187EBCE224B56FF00293096 /* KeyChainStore.h */,
				F187EBCF224B56FF00293096 /* KeyChainStore.m */,
			);
			path = UUID;
			sourceTree = "<group>";
		};
		F187EB01224B55EE00293096 /* Main */ = {
			isa = PBXGroup;
			children = (
				F187EB49224B567E00293096 /* PchMacro.h */,
				F187EB46224B567D00293096 /* RootNavigationController.h */,
				F187EB48224B567D00293096 /* RootNavigationController.m */,
				F187EB4A224B567E00293096 /* RootViewController.h */,
				F187EB4B224B567E00293096 /* RootViewController.m */,
			);
			path = Main;
			sourceTree = "<group>";
		};
		F19FC8EA224E068A0044772B /* Base */ = {
			isa = PBXGroup;
			children = (
				F187EB44224B567D00293096 /* BaseViewController.h */,
				F187EB4C224B567E00293096 /* BaseViewController.m */,
				F1B9297B2462D3E90077969A /* BaseViewModel.h */,
				F1B9297C2462D3E90077969A /* BaseViewModel.m */,
				F187EB47224B567D00293096 /* BaseWebViewController.h */,
				F187EB45224B567D00293096 /* BaseWebViewController.m */,
				F126C46E224E1C0E00C24566 /* BaseTableViewController.h */,
				F126C46F224E1C0E00C24566 /* BaseTableViewController.m */,
				F126C471224E20BC00C24566 /* BaseCollectionViewController.h */,
				F126C472224E20BC00C24566 /* BaseCollectionViewController.m */,
				F126C47A224E270900C24566 /* BasePushActionConfig.h */,
			);
			path = Base;
			sourceTree = "<group>";
		};
/* End PBXGroup section */

/* Begin PBXNativeTarget section */
		F187E9C0224B196A00293096 /* BaseTools */ = {
			isa = PBXNativeTarget;
			buildConfigurationList = F187E9ED224B196B00293096 /* Build configuration list for PBXNativeTarget "BaseTools" */;
			buildPhases = (
				A48C5156CC4278259213FDBD /* [CP] Check Pods Manifest.lock */,
				F187E9BD224B196A00293096 /* Sources */,
				F187E9BE224B196A00293096 /* Frameworks */,
				F187E9BF224B196A00293096 /* Resources */,
				885B7109B468B12EAA07690A /* [CP] Copy Pods Resources */,
			);
			buildRules = (
			);
			dependencies = (
			);
			name = BaseTools;
			productName = BaseTools;
			productReference = F187E9C1224B196A00293096 /* BaseTools.app */;
			productType = "com.apple.product-type.application";
		};
		F187E9D8224B196B00293096 /* BaseToolsTests */ = {
			isa = PBXNativeTarget;
			buildConfigurationList = F187E9F0224B196B00293096 /* Build configuration list for PBXNativeTarget "BaseToolsTests" */;
			buildPhases = (
				F187E9D5224B196B00293096 /* Sources */,
				F187E9D6224B196B00293096 /* Frameworks */,
				F187E9D7224B196B00293096 /* Resources */,
			);
			buildRules = (
			);
			dependencies = (
				F187E9DB224B196B00293096 /* PBXTargetDependency */,
			);
			name = BaseToolsTests;
			productName = BaseToolsTests;
			productReference = F187E9D9224B196B00293096 /* BaseToolsTests.xctest */;
			productType = "com.apple.product-type.bundle.unit-test";
		};
		F187E9E3224B196B00293096 /* BaseToolsUITests */ = {
			isa = PBXNativeTarget;
			buildConfigurationList = F187E9F3224B196B00293096 /* Build configuration list for PBXNativeTarget "BaseToolsUITests" */;
			buildPhases = (
				F187E9E0224B196B00293096 /* Sources */,
				F187E9E1224B196B00293096 /* Frameworks */,
				F187E9E2224B196B00293096 /* Resources */,
			);
			buildRules = (
			);
			dependencies = (
				F187E9E6224B196B00293096 /* PBXTargetDependency */,
			);
			name = BaseToolsUITests;
			productName = BaseToolsUITests;
			productReference = F187E9E4224B196B00293096 /* BaseToolsUITests.xctest */;
			productType = "com.apple.product-type.bundle.ui-testing";
		};
/* End PBXNativeTarget section */

/* Begin PBXProject section */
		F187E9B9224B196A00293096 /* Project object */ = {
			isa = PBXProject;
			attributes = {
				LastUpgradeCheck = 1010;
				ORGANIZATIONNAME = Singularity;
				TargetAttributes = {
					F187E9C0224B196A00293096 = {
						CreatedOnToolsVersion = 10.1;
					};
					F187E9D8224B196B00293096 = {
						CreatedOnToolsVersion = 10.1;
						TestTargetID = F187E9C0224B196A00293096;
					};
					F187E9E3224B196B00293096 = {
						CreatedOnToolsVersion = 10.1;
						TestTargetID = F187E9C0224B196A00293096;
					};
				};
			};
			buildConfigurationList = F187E9BC224B196A00293096 /* Build configuration list for PBXProject "BaseTools" */;
			compatibilityVersion = "Xcode 9.3";
			developmentRegion = en;
			hasScannedForEncodings = 0;
			knownRegions = (
				en,
				Base,
			);
			mainGroup = F187E9B8224B196A00293096;
			productRefGroup = F187E9C2224B196A00293096 /* Products */;
			projectDirPath = "";
			projectRoot = "";
			targets = (
				F187E9C0224B196A00293096 /* BaseTools */,
				F187E9D8224B196B00293096 /* BaseToolsTests */,
				F187E9E3224B196B00293096 /* BaseToolsUITests */,
			);
		};
/* End PBXProject section */

/* Begin PBXResourcesBuildPhase section */
		F187E9BF224B196A00293096 /* Resources */ = {
			isa = PBXResourcesBuildPhase;
			buildActionMask = 2147483647;
			files = (
				F187E9D1224B196B00293096 /* LaunchScreen.storyboard in Resources */,
				F187EB99224B56A100293096 /* QRCodeLine@3x.png in Resources */,
				F187E9CE224B196B00293096 /* Assets.xcassets in Resources */,
				F187EB96224B56A100293096 /* QRCodeTopRight@3x.png in Resources */,
				F187EBA0224B56A100293096 /* QRCodeLine@2x.png in Resources */,
				F187EB9D224B56A100293096 /* QRCodebottomLeft@3x.png in Resources */,
				F187EB9B224B56A100293096 /* QRCodebottomLeft@2x.png in Resources */,
				F187EB9F224B56A100293096 /* QRCodeTopRight@2x.png in Resources */,
				F187EB95224B56A100293096 /* QRCodebottomRight@2x.png in Resources */,
				F187EBA1224B56A100293096 /* QRCodebottomRight@3x.png in Resources */,
				F187EB9C224B56A100293096 /* QRCodeTopLeft@3x.png in Resources */,
				F187E9CC224B196A00293096 /* Main.storyboard in Resources */,
				F187EB9E224B56A100293096 /* QRCodeTopLeft@2x.png in Resources */,
			);
			runOnlyForDeploymentPostprocessing = 0;
		};
		F187E9D7224B196B00293096 /* Resources */ = {
			isa = PBXResourcesBuildPhase;
			buildActionMask = 2147483647;
			files = (
			);
			runOnlyForDeploymentPostprocessing = 0;
		};
		F187E9E2224B196B00293096 /* Resources */ = {
			isa = PBXResourcesBuildPhase;
			buildActionMask = 2147483647;
			files = (
			);
			runOnlyForDeploymentPostprocessing = 0;
		};
/* End PBXResourcesBuildPhase section */

/* Begin PBXShellScriptBuildPhase section */
		885B7109B468B12EAA07690A /* [CP] Copy Pods Resources */ = {
			isa = PBXShellScriptBuildPhase;
			buildActionMask = 2147483647;
			files = (
			);
			inputFileListPaths = (
				"${PODS_ROOT}/Target Support Files/Pods-BaseTools/Pods-BaseTools-resources-${CONFIGURATION}-input-files.xcfilelist",
			);
			name = "[CP] Copy Pods Resources";
			outputFileListPaths = (
				"${PODS_ROOT}/Target Support Files/Pods-BaseTools/Pods-BaseTools-resources-${CONFIGURATION}-output-files.xcfilelist",
			);
			runOnlyForDeploymentPostprocessing = 0;
			shellPath = /bin/sh;
			shellScript = "\"${PODS_ROOT}/Target Support Files/Pods-BaseTools/Pods-BaseTools-resources.sh\"\n";
			showEnvVarsInLog = 0;
		};
		A48C5156CC4278259213FDBD /* [CP] Check Pods Manifest.lock */ = {
			isa = PBXShellScriptBuildPhase;
			buildActionMask = 2147483647;
			files = (
			);
			inputFileListPaths = (
			);
			inputPaths = (
				"${PODS_PODFILE_DIR_PATH}/Podfile.lock",
				"${PODS_ROOT}/Manifest.lock",
			);
			name = "[CP] Check Pods Manifest.lock";
			outputFileListPaths = (
			);
			outputPaths = (
				"$(DERIVED_FILE_DIR)/Pods-BaseTools-checkManifestLockResult.txt",
			);
			runOnlyForDeploymentPostprocessing = 0;
			shellPath = /bin/sh;
			shellScript = "diff \"${PODS_PODFILE_DIR_PATH}/Podfile.lock\" \"${PODS_ROOT}/Manifest.lock\" > /dev/null\nif [ $? != 0 ] ; then\n    # print error to STDERR\n    echo \"error: The sandbox is not in sync with the Podfile.lock. Run 'pod install' or update your CocoaPods installation.\" >&2\n    exit 1\nfi\n# This output is used by Xcode 'outputs' to avoid re-running this script phase.\necho \"SUCCESS\" > \"${SCRIPT_OUTPUT_FILE_0}\"\n";
			showEnvVarsInLog = 0;
		};
/* End PBXShellScriptBuildPhase section */

/* Begin PBXSourcesBuildPhase section */
		F187E9BD224B196A00293096 /* Sources */ = {
			isa = PBXSourcesBuildPhase;
			buildActionMask = 2147483647;
			files = (
				F187EBBC224B56C800293096 /* OppositeBtn.m in Sources */,
				F114D4A822AF8A480074377E /* CustomProgressView.m in Sources */,
				F187EB7E224B569100293096 /* NSArray+LXY.m in Sources */,
				F18FB1E4226EF67A00C77619 /* UIImage+ImageSize.m in Sources */,
				F1B9297D2462D3E90077969A /* BaseViewModel.m in Sources */,
				F187EB7B224B569100293096 /* UIImage+WaterMark.m in Sources */,
				F187EB81224B569100293096 /* MBProgressHUD+MBExtension.m in Sources */,
				F187EB7F224B569100293096 /* NSDate+Extension.m in Sources */,
				046B988C24581F0C00979059 /* UIView+CustomCornerRadius.m in Sources */,
				F187EBD0224B570000293096 /* GetUUID.m in Sources */,
				F187EBAA224B56AE00293096 /* UIImage+TBCityIconFont.m in Sources */,
				F113F1E822E9A408004F49A7 /* CustomRadianView.m in Sources */,
				F187EBA8224B56AE00293096 /* TBCityIconFont.m in Sources */,
				F126C470224E1C0E00C24566 /* BaseTableViewController.m in Sources */,
				F187EBAD224B56B800293096 /* MD5.m in Sources */,
				F19FC8E6224E05D90044772B /* MineViewController.m in Sources */,
				F187EBA9224B56AE00293096 /* TBCityIconInfo.m in Sources */,
				F12D6C562307CE3700AAC2CF /* UITextField+FuncChains.m in Sources */,
				F187E9C9224B196A00293096 /* ViewController.m in Sources */,
				F187EBBE224B56C800293096 /* SkyRadiusView.m in Sources */,
				F187EBBA224B56C800293096 /* CustomBtn.m in Sources */,
				F187EB94224B56A100293096 /* LXYQRCodeOverlayView.m in Sources */,
				F187EB80224B569100293096 /* UIColor+ColorHexadecimal.m in Sources */,
				F126C47D224E283900C24566 /* TableViewController.m in Sources */,
				F1F7C3A02269BF49002774B1 /* CustomAlert.m in Sources */,
				F1F7C39D22689D1A002774B1 /* CollectionAlignmentFlowLayout.m in Sources */,
				F187EBC9224B56F700293096 /* ChineseToPinyin.m in Sources */,
				F187EBCB224B56F700293096 /* CustomTools.m in Sources */,
				F187EB7A224B569100293096 /* UIImage+Extension.m in Sources */,
				046B988924581E9000979059 /* UIView+CustomCornerBorder.m in Sources */,
				F187EB79224B569100293096 /* UIApplication+Extensions.m in Sources */,
				F187EB51224B567F00293096 /* BaseViewController.m in Sources */,
				F1129AE922CCC99E00540259 /* VideoCompress.m in Sources */,
				F187EB97224B56A100293096 /* QRCodeScanViewController.m in Sources */,
				F12CB25724289CB6005BEAB0 /* NSArray+Sudoku.m in Sources */,
				F187EB50224B567F00293096 /* RootViewController.m in Sources */,
				F187EB4F224B567F00293096 /* RootNavigationController.m in Sources */,
				F187EB9A224B56A100293096 /* LXYQRCodeUtility.m in Sources */,
				F187EBBD224B56C800293096 /* PWDInputView.m in Sources */,
				F1B7451122544B8F00ED5A29 /* SaveImageManager.m in Sources */,
				F126C473224E20BC00C24566 /* BaseCollectionViewController.m in Sources */,
				F187E9D4224B196B00293096 /* main.m in Sources */,
				F187EB73224B569100293096 /* UIScreen+Extension.m in Sources */,
				F12D6C5D2307CE9500AAC2CF /* UIButton+FuncChains.m in Sources */,
				F187E9C6224B196A00293096 /* AppDelegate.m in Sources */,
				F1D3C0912253108B0008222A /* CollectionViewController.m in Sources */,
				F187EB75224B569100293096 /* CALayer+XibBorderColor.m in Sources */,
				F15503C22266BC77001FFE24 /* UITextField+LengthLimit.m in Sources */,
				F126C476224E24B600C24566 /* UIViewController+CurrentViewController.m in Sources */,
				F187EBBF224B56C800293096 /* CustomTextView.m in Sources */,
				F12D6C592307CE5A00AAC2CF /* UILabel+FuncChains.m in Sources */,
				F187EB98224B56A100293096 /* AVCaptureVideoPreviewLayer+Helper.m in Sources */,
				F104D92822844D88004D340F /* DownloadVideo.m in Sources */,
				F19FC8E9224E05E80044772B /* HomeViewController.m in Sources */,
				F187EBD6224B570800293096 /* WRCustomNavigationBar.m in Sources */,
				F187EBCA224B56F700293096 /* DateOperation.m in Sources */,
				F187EB74224B569100293096 /* UIView+IBExtension.m in Sources */,
				F1D2CF0B22560D6700E30B6E /* WKWebViewController.m in Sources */,
				F187EBD1224B570000293096 /* KeyChainStore.m in Sources */,
				F187EBC8224B56F700293096 /* CustomNetWork.m in Sources */,
				F187EB77224B569100293096 /* UIView+Extension.m in Sources */,
				F187EBD7224B570800293096 /* WRNavigationBar.m in Sources */,
				F187EB4E224B567F00293096 /* BaseWebViewController.m in Sources */,
				F187EB72224B569100293096 /* NSDictionary+LXY.m in Sources */,
				3D43964D23B9A76200C0244A /* NSObject+SwizzleMethod.m in Sources */,
			);
			runOnlyForDeploymentPostprocessing = 0;
		};
		F187E9D5224B196B00293096 /* Sources */ = {
			isa = PBXSourcesBuildPhase;
			buildActionMask = 2147483647;
			files = (
				F187E9DE224B196B00293096 /* BaseToolsTests.m in Sources */,
			);
			runOnlyForDeploymentPostprocessing = 0;
		};
		F187E9E0224B196B00293096 /* Sources */ = {
			isa = PBXSourcesBuildPhase;
			buildActionMask = 2147483647;
			files = (
				F187E9E9224B196B00293096 /* BaseToolsUITests.m in Sources */,
			);
			runOnlyForDeploymentPostprocessing = 0;
		};
/* End PBXSourcesBuildPhase section */

/* Begin PBXTargetDependency section */
		F187E9DB224B196B00293096 /* PBXTargetDependency */ = {
			isa = PBXTargetDependency;
			target = F187E9C0224B196A00293096 /* BaseTools */;
			targetProxy = F187E9DA224B196B00293096 /* PBXContainerItemProxy */;
		};
		F187E9E6224B196B00293096 /* PBXTargetDependency */ = {
			isa = PBXTargetDependency;
			target = F187E9C0224B196A00293096 /* BaseTools */;
			targetProxy = F187E9E5224B196B00293096 /* PBXContainerItemProxy */;
		};
/* End PBXTargetDependency section */

/* Begin PBXVariantGroup section */
		F187E9CA224B196A00293096 /* Main.storyboard */ = {
			isa = PBXVariantGroup;
			children = (
				F187E9CB224B196A00293096 /* Base */,
			);
			name = Main.storyboard;
			sourceTree = "<group>";
		};
		F187E9CF224B196B00293096 /* LaunchScreen.storyboard */ = {
			isa = PBXVariantGroup;
			children = (
				F187E9D0224B196B00293096 /* Base */,
			);
			name = LaunchScreen.storyboard;
			sourceTree = "<group>";
		};
/* End PBXVariantGroup section */

/* Begin XCBuildConfiguration section */
		F187E9EB224B196B00293096 /* Debug */ = {
			isa = XCBuildConfiguration;
			buildSettings = {
				ALWAYS_SEARCH_USER_PATHS = NO;
				CLANG_ANALYZER_NONNULL = YES;
				CLANG_ANALYZER_NUMBER_OBJECT_CONVERSION = YES_AGGRESSIVE;
				CLANG_CXX_LANGUAGE_STANDARD = "gnu++14";
				CLANG_CXX_LIBRARY = "libc++";
				CLANG_ENABLE_MODULES = YES;
				CLANG_ENABLE_OBJC_ARC = YES;
				CLANG_ENABLE_OBJC_WEAK = YES;
				CLANG_WARN_BLOCK_CAPTURE_AUTORELEASING = YES;
				CLANG_WARN_BOOL_CONVERSION = YES;
				CLANG_WARN_COMMA = YES;
				CLANG_WARN_CONSTANT_CONVERSION = YES;
				CLANG_WARN_DEPRECATED_OBJC_IMPLEMENTATIONS = YES;
				CLANG_WARN_DIRECT_OBJC_ISA_USAGE = YES_ERROR;
				CLANG_WARN_DOCUMENTATION_COMMENTS = YES;
				CLANG_WARN_EMPTY_BODY = YES;
				CLANG_WARN_ENUM_CONVERSION = YES;
				CLANG_WARN_INFINITE_RECURSION = YES;
				CLANG_WARN_INT_CONVERSION = YES;
				CLANG_WARN_NON_LITERAL_NULL_CONVERSION = YES;
				CLANG_WARN_OBJC_IMPLICIT_RETAIN_SELF = YES;
				CLANG_WARN_OBJC_LITERAL_CONVERSION = YES;
				CLANG_WARN_OBJC_ROOT_CLASS = YES_ERROR;
				CLANG_WARN_RANGE_LOOP_ANALYSIS = YES;
				CLANG_WARN_STRICT_PROTOTYPES = YES;
				CLANG_WARN_SUSPICIOUS_MOVE = YES;
				CLANG_WARN_UNGUARDED_AVAILABILITY = YES_AGGRESSIVE;
				CLANG_WARN_UNREACHABLE_CODE = YES;
				CLANG_WARN__DUPLICATE_METHOD_MATCH = YES;
				CODE_SIGN_IDENTITY = "iPhone Developer";
				COPY_PHASE_STRIP = NO;
				DEBUG_INFORMATION_FORMAT = dwarf;
				ENABLE_STRICT_OBJC_MSGSEND = YES;
				ENABLE_TESTABILITY = YES;
				GCC_C_LANGUAGE_STANDARD = gnu11;
				GCC_DYNAMIC_NO_PIC = NO;
				GCC_NO_COMMON_BLOCKS = YES;
				GCC_OPTIMIZATION_LEVEL = 0;
				GCC_PREPROCESSOR_DEFINITIONS = (
					"DEBUG=1",
					"$(inherited)",
				);
				GCC_WARN_64_TO_32_BIT_CONVERSION = YES;
				GCC_WARN_ABOUT_RETURN_TYPE = YES_ERROR;
				GCC_WARN_UNDECLARED_SELECTOR = YES;
				GCC_WARN_UNINITIALIZED_AUTOS = YES_AGGRESSIVE;
				GCC_WARN_UNUSED_FUNCTION = YES;
				GCC_WARN_UNUSED_VARIABLE = YES;
				IPHONEOS_DEPLOYMENT_TARGET = 12.1;
				MTL_ENABLE_DEBUG_INFO = INCLUDE_SOURCE;
				MTL_FAST_MATH = YES;
				ONLY_ACTIVE_ARCH = YES;
				SDKROOT = iphoneos;
			};
			name = Debug;
		};
		F187E9EC224B196B00293096 /* Release */ = {
			isa = XCBuildConfiguration;
			buildSettings = {
				ALWAYS_SEARCH_USER_PATHS = NO;
				CLANG_ANALYZER_NONNULL = YES;
				CLANG_ANALYZER_NUMBER_OBJECT_CONVERSION = YES_AGGRESSIVE;
				CLANG_CXX_LANGUAGE_STANDARD = "gnu++14";
				CLANG_CXX_LIBRARY = "libc++";
				CLANG_ENABLE_MODULES = YES;
				CLANG_ENABLE_OBJC_ARC = YES;
				CLANG_ENABLE_OBJC_WEAK = YES;
				CLANG_WARN_BLOCK_CAPTURE_AUTORELEASING = YES;
				CLANG_WARN_BOOL_CONVERSION = YES;
				CLANG_WARN_COMMA = YES;
				CLANG_WARN_CONSTANT_CONVERSION = YES;
				CLANG_WARN_DEPRECATED_OBJC_IMPLEMENTATIONS = YES;
				CLANG_WARN_DIRECT_OBJC_ISA_USAGE = YES_ERROR;
				CLANG_WARN_DOCUMENTATION_COMMENTS = YES;
				CLANG_WARN_EMPTY_BODY = YES;
				CLANG_WARN_ENUM_CONVERSION = YES;
				CLANG_WARN_INFINITE_RECURSION = YES;
				CLANG_WARN_INT_CONVERSION = YES;
				CLANG_WARN_NON_LITERAL_NULL_CONVERSION = YES;
				CLANG_WARN_OBJC_IMPLICIT_RETAIN_SELF = YES;
				CLANG_WARN_OBJC_LITERAL_CONVERSION = YES;
				CLANG_WARN_OBJC_ROOT_CLASS = YES_ERROR;
				CLANG_WARN_RANGE_LOOP_ANALYSIS = YES;
				CLANG_WARN_STRICT_PROTOTYPES = YES;
				CLANG_WARN_SUSPICIOUS_MOVE = YES;
				CLANG_WARN_UNGUARDED_AVAILABILITY = YES_AGGRESSIVE;
				CLANG_WARN_UNREACHABLE_CODE = YES;
				CLANG_WARN__DUPLICATE_METHOD_MATCH = YES;
				CODE_SIGN_IDENTITY = "iPhone Developer";
				COPY_PHASE_STRIP = NO;
				DEBUG_INFORMATION_FORMAT = "dwarf-with-dsym";
				ENABLE_NS_ASSERTIONS = NO;
				ENABLE_STRICT_OBJC_MSGSEND = YES;
				GCC_C_LANGUAGE_STANDARD = gnu11;
				GCC_NO_COMMON_BLOCKS = YES;
				GCC_WARN_64_TO_32_BIT_CONVERSION = YES;
				GCC_WARN_ABOUT_RETURN_TYPE = YES_ERROR;
				GCC_WARN_UNDECLARED_SELECTOR = YES;
				GCC_WARN_UNINITIALIZED_AUTOS = YES_AGGRESSIVE;
				GCC_WARN_UNUSED_FUNCTION = YES;
				GCC_WARN_UNUSED_VARIABLE = YES;
				IPHONEOS_DEPLOYMENT_TARGET = 12.1;
				MTL_ENABLE_DEBUG_INFO = NO;
				MTL_FAST_MATH = YES;
				SDKROOT = iphoneos;
				VALIDATE_PRODUCT = YES;
			};
			name = Release;
		};
		F187E9EE224B196B00293096 /* Debug */ = {
			isa = XCBuildConfiguration;
			baseConfigurationReference = 2B14B0D25CB62361C4CE8704 /* Pods-BaseTools.debug.xcconfig */;
			buildSettings = {
				ASSETCATALOG_COMPILER_APPICON_NAME = AppIcon;
				CODE_SIGN_STYLE = Automatic;
				DEVELOPMENT_TEAM = "";
				GCC_PRECOMPILE_PREFIX_HEADER = YES;
				GCC_PREFIX_HEADER = "$(SRCROOT)/BaseTools/PrefixHeader.pch";
				INFOPLIST_FILE = "$(SRCROOT)/BaseTools/Other/Info.plist";
				LD_RUNPATH_SEARCH_PATHS = (
					"$(inherited)",
					"@executable_path/Frameworks",
				);
				PRODUCT_BUNDLE_IDENTIFIER = Singularity.BaseTools;
				PRODUCT_NAME = "$(TARGET_NAME)";
				TARGETED_DEVICE_FAMILY = 1;
				USER_HEADER_SEARCH_PATHS = "$(PODS_ROOT)/**";
			};
			name = Debug;
		};
		F187E9EF224B196B00293096 /* Release */ = {
			isa = XCBuildConfiguration;
			baseConfigurationReference = 0E169E40CCC4E780F8D7460A /* Pods-BaseTools.release.xcconfig */;
			buildSettings = {
				ASSETCATALOG_COMPILER_APPICON_NAME = AppIcon;
				CODE_SIGN_STYLE = Automatic;
				DEVELOPMENT_TEAM = "";
				GCC_PRECOMPILE_PREFIX_HEADER = YES;
				GCC_PREFIX_HEADER = "$(SRCROOT)/BaseTools/PrefixHeader.pch";
				INFOPLIST_FILE = "$(SRCROOT)/BaseTools/Other/Info.plist";
				LD_RUNPATH_SEARCH_PATHS = (
					"$(inherited)",
					"@executable_path/Frameworks",
				);
				PRODUCT_BUNDLE_IDENTIFIER = Singularity.BaseTools;
				PRODUCT_NAME = "$(TARGET_NAME)";
				TARGETED_DEVICE_FAMILY = 1;
				USER_HEADER_SEARCH_PATHS = "$(PODS_ROOT)/**";
			};
			name = Release;
		};
		F187E9F1224B196B00293096 /* Debug */ = {
			isa = XCBuildConfiguration;
			buildSettings = {
				BUNDLE_LOADER = "$(TEST_HOST)";
				CODE_SIGN_STYLE = Automatic;
				DEVELOPMENT_TEAM = XZS45G9JJF;
				INFOPLIST_FILE = BaseToolsTests/Info.plist;
				LD_RUNPATH_SEARCH_PATHS = (
					"$(inherited)",
					"@executable_path/Frameworks",
					"@loader_path/Frameworks",
				);
				PRODUCT_BUNDLE_IDENTIFIER = Singularity.BaseToolsTests;
				PRODUCT_NAME = "$(TARGET_NAME)";
				TARGETED_DEVICE_FAMILY = "1,2";
				TEST_HOST = "$(BUILT_PRODUCTS_DIR)/BaseTools.app/BaseTools";
			};
			name = Debug;
		};
		F187E9F2224B196B00293096 /* Release */ = {
			isa = XCBuildConfiguration;
			buildSettings = {
				BUNDLE_LOADER = "$(TEST_HOST)";
				CODE_SIGN_STYLE = Automatic;
				DEVELOPMENT_TEAM = XZS45G9JJF;
				INFOPLIST_FILE = BaseToolsTests/Info.plist;
				LD_RUNPATH_SEARCH_PATHS = (
					"$(inherited)",
					"@executable_path/Frameworks",
					"@loader_path/Frameworks",
				);
				PRODUCT_BUNDLE_IDENTIFIER = Singularity.BaseToolsTests;
				PRODUCT_NAME = "$(TARGET_NAME)";
				TARGETED_DEVICE_FAMILY = "1,2";
				TEST_HOST = "$(BUILT_PRODUCTS_DIR)/BaseTools.app/BaseTools";
			};
			name = Release;
		};
		F187E9F4224B196B00293096 /* Debug */ = {
			isa = XCBuildConfiguration;
			buildSettings = {
				CODE_SIGN_STYLE = Automatic;
				DEVELOPMENT_TEAM = XZS45G9JJF;
				INFOPLIST_FILE = BaseToolsUITests/Info.plist;
				LD_RUNPATH_SEARCH_PATHS = (
					"$(inherited)",
					"@executable_path/Frameworks",
					"@loader_path/Frameworks",
				);
				PRODUCT_BUNDLE_IDENTIFIER = Singularity.BaseToolsUITests;
				PRODUCT_NAME = "$(TARGET_NAME)";
				TARGETED_DEVICE_FAMILY = "1,2";
				TEST_TARGET_NAME = BaseTools;
			};
			name = Debug;
		};
		F187E9F5224B196B00293096 /* Release */ = {
			isa = XCBuildConfiguration;
			buildSettings = {
				CODE_SIGN_STYLE = Automatic;
				DEVELOPMENT_TEAM = XZS45G9JJF;
				INFOPLIST_FILE = BaseToolsUITests/Info.plist;
				LD_RUNPATH_SEARCH_PATHS = (
					"$(inherited)",
					"@executable_path/Frameworks",
					"@loader_path/Frameworks",
				);
				PRODUCT_BUNDLE_IDENTIFIER = Singularity.BaseToolsUITests;
				PRODUCT_NAME = "$(TARGET_NAME)";
				TARGETED_DEVICE_FAMILY = "1,2";
				TEST_TARGET_NAME = BaseTools;
			};
			name = Release;
		};
/* End XCBuildConfiguration section */

/* Begin XCConfigurationList section */
		F187E9BC224B196A00293096 /* Build configuration list for PBXProject "BaseTools" */ = {
			isa = XCConfigurationList;
			buildConfigurations = (
				F187E9EB224B196B00293096 /* Debug */,
				F187E9EC224B196B00293096 /* Release */,
			);
			defaultConfigurationIsVisible = 0;
			defaultConfigurationName = Release;
		};
		F187E9ED224B196B00293096 /* Build configuration list for PBXNativeTarget "BaseTools" */ = {
			isa = XCConfigurationList;
			buildConfigurations = (
				F187E9EE224B196B00293096 /* Debug */,
				F187E9EF224B196B00293096 /* Release */,
			);
			defaultConfigurationIsVisible = 0;
			defaultConfigurationName = Release;
		};
		F187E9F0224B196B00293096 /* Build configuration list for PBXNativeTarget "BaseToolsTests" */ = {
			isa = XCConfigurationList;
			buildConfigurations = (
				F187E9F1224B196B00293096 /* Debug */,
				F187E9F2224B196B00293096 /* Release */,
			);
			defaultConfigurationIsVisible = 0;
			defaultConfigurationName = Release;
		};
		F187E9F3224B196B00293096 /* Build configuration list for PBXNativeTarget "BaseToolsUITests" */ = {
			isa = XCConfigurationList;
			buildConfigurations = (
				F187E9F4224B196B00293096 /* Debug */,
				F187E9F5224B196B00293096 /* Release */,
			);
			defaultConfigurationIsVisible = 0;
			defaultConfigurationName = Release;
		};
/* End XCConfigurationList section */
	};
	rootObject = F187E9B9224B196A00293096 /* Project object */;
}
