// !$*UTF8*$!
{
	archiveVersion = 1;
	classes = {
	};
	objectVersion = 50;
	objects = {

/* Begin PBXBuildFile section */
		F187E9C6224B196A00293096 /* AppDelegate.m in Sources */ = {isa = PBXBuildFile; fileRef = F187E9C5224B196A00293096 /* AppDelegate.m */; };
		F187E9C9224B196A00293096 /* ViewController.m in Sources */ = {isa = PBXBuildFile; fileRef = F187E9C8224B196A00293096 /* ViewController.m */; };
		F187E9CC224B196A00293096 /* Main.storyboard in Resources */ = {isa = PBXBuildFile; fileRef = F187E9CA224B196A00293096 /* Main.storyboard */; };
		F187E9CE224B196B00293096 /* Assets.xcassets in Resources */ = {isa = PBXBuildFile; fileRef = F187E9CD224B196B00293096 /* Assets.xcassets */; };
		F187E9D1224B196B00293096 /* LaunchScreen.storyboard in Resources */ = {isa = PBXBuildFile; fileRef = F187E9CF224B196B00293096 /* LaunchScreen.storyboard */; };
		F187E9D4224B196B00293096 /* main.m in Sources */ = {isa = PBXBuildFile; fileRef = F187E9D3224B196B00293096 /* main.m */; };
		F187E9DE224B196B00293096 /* BaseToolsTests.m in Sources */ = {isa = PBXBuildFile; fileRef = F187E9DD224B196B00293096 /* BaseToolsTests.m */; };
		F187E9E9224B196B00293096 /* BaseToolsUITests.m in Sources */ = {isa = PBXBuildFile; fileRef = F187E9E8224B196B00293096 /* BaseToolsUITests.m */; };
/* End PBXBuildFile section */

/* Begin PBXContainerItemProxy section */
		F187E9DA224B196B00293096 /* PBXContainerItemProxy */ = {
			isa = PBXContainerItemProxy;
			containerPortal = F187E9B9224B196A00293096 /* Project object */;
			proxyType = 1;
			remoteGlobalIDString = F187E9C0224B196A00293096;
			remoteInfo = BaseTools;
		};
		F187E9E5224B196B00293096 /* PBXContainerItemProxy */ = {
			isa = PBXContainerItemProxy;
			containerPortal = F187E9B9224B196A00293096 /* Project object */;
			proxyType = 1;
			remoteGlobalIDString = F187E9C0224B196A00293096;
			remoteInfo = BaseTools;
		};
/* End PBXContainerItemProxy section */

/* Begin PBXFileReference section */
		F187E9C1224B196A00293096 /* BaseTools.app */ = {isa = PBXFileReference; explicitFileType = wrapper.application; includeInIndex = 0; path = BaseTools.app; sourceTree = BUILT_PRODUCTS_DIR; };
		F187E9C4224B196A00293096 /* AppDelegate.h */ = {isa = PBXFileReference; lastKnownFileType = sourcecode.c.h; path = AppDelegate.h; sourceTree = "<group>"; };
		F187E9C5224B196A00293096 /* AppDelegate.m */ = {isa = PBXFileReference; lastKnownFileType = sourcecode.c.objc; path = AppDelegate.m; sourceTree = "<group>"; };
		F187E9C7224B196A00293096 /* ViewController.h */ = {isa = PBXFileReference; lastKnownFileType = sourcecode.c.h; path = ViewController.h; sourceTree = "<group>"; };
		F187E9C8224B196A00293096 /* ViewController.m */ = {isa = PBXFileReference; lastKnownFileType = sourcecode.c.objc; path = ViewController.m; sourceTree = "<group>"; };
		F187E9CB224B196A00293096 /* Base */ = {isa = PBXFileReference; lastKnownFileType = file.storyboard; name = Base; path = Base.lproj/Main.storyboard; sourceTree = "<group>"; };
		F187E9CD224B196B00293096 /* Assets.xcassets */ = {isa = PBXFileReference; lastKnownFileType = folder.assetcatalog; path = Assets.xcassets; sourceTree = "<group>"; };
		F187E9D0224B196B00293096 /* Base */ = {isa = PBXFileReference; lastKnownFileType = file.storyboard; name = Base; path = Base.lproj/LaunchScreen.storyboard; sourceTree = "<group>"; };
		F187E9D2224B196B00293096 /* Info.plist */ = {isa = PBXFileReference; lastKnownFileType = text.plist.xml; path = Info.plist; sourceTree = "<group>"; };
		F187E9D3224B196B00293096 /* main.m */ = {isa = PBXFileReference; lastKnownFileType = sourcecode.c.objc; path = main.m; sourceTree = "<group>"; };
		F187E9D9224B196B00293096 /* BaseToolsTests.xctest */ = {isa = PBXFileReference; explicitFileType = wrapper.cfbundle; includeInIndex = 0; path = BaseToolsTests.xctest; sourceTree = BUILT_PRODUCTS_DIR; };
		F187E9DD224B196B00293096 /* BaseToolsTests.m */ = {isa = PBXFileReference; lastKnownFileType = sourcecode.c.objc; path = BaseToolsTests.m; sourceTree = "<group>"; };
		F187E9DF224B196B00293096 /* Info.plist */ = {isa = PBXFileReference; lastKnownFileType = text.plist.xml; path = Info.plist; sourceTree = "<group>"; };
		F187E9E4224B196B00293096 /* BaseToolsUITests.xctest */ = {isa = PBXFileReference; explicitFileType = wrapper.cfbundle; includeInIndex = 0; path = BaseToolsUITests.xctest; sourceTree = BUILT_PRODUCTS_DIR; };
		F187E9E8224B196B00293096 /* BaseToolsUITests.m */ = {isa = PBXFileReference; lastKnownFileType = sourcecode.c.objc; path = BaseToolsUITests.m; sourceTree = "<group>"; };
		F187E9EA224B196B00293096 /* Info.plist */ = {isa = PBXFileReference; lastKnownFileType = text.plist.xml; path = Info.plist; sourceTree = "<group>"; };
/* End PBXFileReference section */

/* Begin PBXFrameworksBuildPhase section */
		F187E9BE224B196A00293096 /* Frameworks */ = {
			isa = PBXFrameworksBuildPhase;
			buildActionMask = 2147483647;
			files = (
			);
			runOnlyForDeploymentPostprocessing = 0;
		};
		F187E9D6224B196B00293096 /* Frameworks */ = {
			isa = PBXFrameworksBuildPhase;
			buildActionMask = 2147483647;
			files = (
			);
			runOnlyForDeploymentPostprocessing = 0;
		};
		F187E9E1224B196B00293096 /* Frameworks */ = {
			isa = PBXFrameworksBuildPhase;
			buildActionMask = 2147483647;
			files = (
			);
			runOnlyForDeploymentPostprocessing = 0;
		};
/* End PBXFrameworksBuildPhase section */

/* Begin PBXGroup section */
		F187E9B8224B196A00293096 = {
			isa = PBXGroup;
			children = (
				F187E9C3224B196A00293096 /* BaseTools */,
				F187E9DC224B196B00293096 /* BaseToolsTests */,
				F187E9E7224B196B00293096 /* BaseToolsUITests */,
				F187E9C2224B196A00293096 /* Products */,
			);
			sourceTree = "<group>";
		};
		F187E9C2224B196A00293096 /* Products */ = {
			isa = PBXGroup;
			children = (
				F187E9C1224B196A00293096 /* BaseTools.app */,
				F187E9D9224B196B00293096 /* BaseToolsTests.xctest */,
				F187E9E4224B196B00293096 /* BaseToolsUITests.xctest */,
			);
			name = Products;
			sourceTree = "<group>";
		};
		F187E9C3224B196A00293096 /* BaseTools */ = {
			isa = PBXGroup;
			children = (
				F187E9C4224B196A00293096 /* AppDelegate.h */,
				F187E9C5224B196A00293096 /* AppDelegate.m */,
				F187E9C7224B196A00293096 /* ViewController.h */,
				F187E9C8224B196A00293096 /* ViewController.m */,
				F187E9CA224B196A00293096 /* Main.storyboard */,
				F187E9CD224B196B00293096 /* Assets.xcassets */,
				F187E9CF224B196B00293096 /* LaunchScreen.storyboard */,
				F187E9D2224B196B00293096 /* Info.plist */,
				F187E9D3224B196B00293096 /* main.m */,
			);
			path = BaseTools;
			sourceTree = "<group>";
		};
		F187E9DC224B196B00293096 /* BaseToolsTests */ = {
			isa = PBXGroup;
			children = (
				F187E9DD224B196B00293096 /* BaseToolsTests.m */,
				F187E9DF224B196B00293096 /* Info.plist */,
			);
			path = BaseToolsTests;
			sourceTree = "<group>";
		};
		F187E9E7224B196B00293096 /* BaseToolsUITests */ = {
			isa = PBXGroup;
			children = (
				F187E9E8224B196B00293096 /* BaseToolsUITests.m */,
				F187E9EA224B196B00293096 /* Info.plist */,
			);
			path = BaseToolsUITests;
			sourceTree = "<group>";
		};
/* End PBXGroup section */

/* Begin PBXNativeTarget section */
		F187E9C0224B196A00293096 /* BaseTools */ = {
			isa = PBXNativeTarget;
			buildConfigurationList = F187E9ED224B196B00293096 /* Build configuration list for PBXNativeTarget "BaseTools" */;
			buildPhases = (
				F187E9BD224B196A00293096 /* Sources */,
				F187E9BE224B196A00293096 /* Frameworks */,
				F187E9BF224B196A00293096 /* Resources */,
			);
			buildRules = (
			);
			dependencies = (
			);
			name = BaseTools;
			productName = BaseTools;
			productReference = F187E9C1224B196A00293096 /* BaseTools.app */;
			productType = "com.apple.product-type.application";
		};
		F187E9D8224B196B00293096 /* BaseToolsTests */ = {
			isa = PBXNativeTarget;
			buildConfigurationList = F187E9F0224B196B00293096 /* Build configuration list for PBXNativeTarget "BaseToolsTests" */;
			buildPhases = (
				F187E9D5224B196B00293096 /* Sources */,
				F187E9D6224B196B00293096 /* Frameworks */,
				F187E9D7224B196B00293096 /* Resources */,
			);
			buildRules = (
			);
			dependencies = (
				F187E9DB224B196B00293096 /* PBXTargetDependency */,
			);
			name = BaseToolsTests;
			productName = BaseToolsTests;
			productReference = F187E9D9224B196B00293096 /* BaseToolsTests.xctest */;
			productType = "com.apple.product-type.bundle.unit-test";
		};
		F187E9E3224B196B00293096 /* BaseToolsUITests */ = {
			isa = PBXNativeTarget;
			buildConfigurationList = F187E9F3224B196B00293096 /* Build configuration list for PBXNativeTarget "BaseToolsUITests" */;
			buildPhases = (
				F187E9E0224B196B00293096 /* Sources */,
				F187E9E1224B196B00293096 /* Frameworks */,
				F187E9E2224B196B00293096 /* Resources */,
			);
			buildRules = (
			);
			dependencies = (
				F187E9E6224B196B00293096 /* PBXTargetDependency */,
			);
			name = BaseToolsUITests;
			productName = BaseToolsUITests;
			productReference = F187E9E4224B196B00293096 /* BaseToolsUITests.xctest */;
			productType = "com.apple.product-type.bundle.ui-testing";
		};
/* End PBXNativeTarget section */

/* Begin PBXProject section */
		F187E9B9224B196A00293096 /* Project object */ = {
			isa = PBXProject;
			attributes = {
				LastUpgradeCheck = 1010;
				ORGANIZATIONNAME = Singularity;
				TargetAttributes = {
					F187E9C0224B196A00293096 = {
						CreatedOnToolsVersion = 10.1;
					};
					F187E9D8224B196B00293096 = {
						CreatedOnToolsVersion = 10.1;
						TestTargetID = F187E9C0224B196A00293096;
					};
					F187E9E3224B196B00293096 = {
						CreatedOnToolsVersion = 10.1;
						TestTargetID = F187E9C0224B196A00293096;
					};
				};
			};
			buildConfigurationList = F187E9BC224B196A00293096 /* Build configuration list for PBXProject "BaseTools" */;
			compatibilityVersion = "Xcode 9.3";
			developmentRegion = en;
			hasScannedForEncodings = 0;
			knownRegions = (
				en,
				Base,
			);
			mainGroup = F187E9B8224B196A00293096;
			productRefGroup = F187E9C2224B196A00293096 /* Products */;
			projectDirPath = "";
			projectRoot = "";
			targets = (
				F187E9C0224B196A00293096 /* BaseTools */,
				F187E9D8224B196B00293096 /* BaseToolsTests */,
				F187E9E3224B196B00293096 /* BaseToolsUITests */,
			);
		};
/* End PBXProject section */

/* Begin PBXResourcesBuildPhase section */
		F187E9BF224B196A00293096 /* Resources */ = {
			isa = PBXResourcesBuildPhase;
			buildActionMask = 2147483647;
			files = (
				F187E9D1224B196B00293096 /* LaunchScreen.storyboard in Resources */,
				F187E9CE224B196B00293096 /* Assets.xcassets in Resources */,
				F187E9CC224B196A00293096 /* Main.storyboard in Resources */,
			);
			runOnlyForDeploymentPostprocessing = 0;
		};
		F187E9D7224B196B00293096 /* Resources */ = {
			isa = PBXResourcesBuildPhase;
			buildActionMask = 2147483647;
			files = (
			);
			runOnlyForDeploymentPostprocessing = 0;
		};
		F187E9E2224B196B00293096 /* Resources */ = {
			isa = PBXResourcesBuildPhase;
			buildActionMask = 2147483647;
			files = (
			);
			runOnlyForDeploymentPostprocessing = 0;
		};
/* End PBXResourcesBuildPhase section */

/* Begin PBXSourcesBuildPhase section */
		F187E9BD224B196A00293096 /* Sources */ = {
			isa = PBXSourcesBuildPhase;
			buildActionMask = 2147483647;
			files = (
				F187E9C9224B196A00293096 /* ViewController.m in Sources */,
				F187E9D4224B196B00293096 /* main.m in Sources */,
				F187E9C6224B196A00293096 /* AppDelegate.m in Sources */,
			);
			runOnlyForDeploymentPostprocessing = 0;
		};
		F187E9D5224B196B00293096 /* Sources */ = {
			isa = PBXSourcesBuildPhase;
			buildActionMask = 2147483647;
			files = (
				F187E9DE224B196B00293096 /* BaseToolsTests.m in Sources */,
			);
			runOnlyForDeploymentPostprocessing = 0;
		};
		F187E9E0224B196B00293096 /* Sources */ = {
			isa = PBXSourcesBuildPhase;
			buildActionMask = 2147483647;
			files = (
				F187E9E9224B196B00293096 /* BaseToolsUITests.m in Sources */,
			);
			runOnlyForDeploymentPostprocessing = 0;
		};
/* End PBXSourcesBuildPhase section */

/* Begin PBXTargetDependency section */
		F187E9DB224B196B00293096 /* PBXTargetDependency */ = {
			isa = PBXTargetDependency;
			target = F187E9C0224B196A00293096 /* BaseTools */;
			targetProxy = F187E9DA224B196B00293096 /* PBXContainerItemProxy */;
		};
		F187E9E6224B196B00293096 /* PBXTargetDependency */ = {
			isa = PBXTargetDependency;
			target = F187E9C0224B196A00293096 /* BaseTools */;
			targetProxy = F187E9E5224B196B00293096 /* PBXContainerItemProxy */;
		};
/* End PBXTargetDependency section */

/* Begin PBXVariantGroup section */
		F187E9CA224B196A00293096 /* Main.storyboard */ = {
			isa = PBXVariantGroup;
			children = (
				F187E9CB224B196A00293096 /* Base */,
			);
			name = Main.storyboard;
			sourceTree = "<group>";
		};
		F187E9CF224B196B00293096 /* LaunchScreen.storyboard */ = {
			isa = PBXVariantGroup;
			children = (
				F187E9D0224B196B00293096 /* Base */,
			);
			name = LaunchScreen.storyboard;
			sourceTree = "<group>";
		};
/* End PBXVariantGroup section */

/* Begin XCBuildConfiguration section */
		F187E9EB224B196B00293096 /* Debug */ = {
			isa = XCBuildConfiguration;
			buildSettings = {
				ALWAYS_SEARCH_USER_PATHS = NO;
				CLANG_ANALYZER_NONNULL = YES;
				CLANG_ANALYZER_NUMBER_OBJECT_CONVERSION = YES_AGGRESSIVE;
				CLANG_CXX_LANGUAGE_STANDARD = "gnu++14";
				CLANG_CXX_LIBRARY = "libc++";
				CLANG_ENABLE_MODULES = YES;
				CLANG_ENABLE_OBJC_ARC = YES;
				CLANG_ENABLE_OBJC_WEAK = YES;
				CLANG_WARN_BLOCK_CAPTURE_AUTORELEASING = YES;
				CLANG_WARN_BOOL_CONVERSION = YES;
				CLANG_WARN_COMMA = YES;
				CLANG_WARN_CONSTANT_CONVERSION = YES;
				CLANG_WARN_DEPRECATED_OBJC_IMPLEMENTATIONS = YES;
				CLANG_WARN_DIRECT_OBJC_ISA_USAGE = YES_ERROR;
				CLANG_WARN_DOCUMENTATION_COMMENTS = YES;
				CLANG_WARN_EMPTY_BODY = YES;
				CLANG_WARN_ENUM_CONVERSION = YES;
				CLANG_WARN_INFINITE_RECURSION = YES;
				CLANG_WARN_INT_CONVERSION = YES;
				CLANG_WARN_NON_LITERAL_NULL_CONVERSION = YES;
				CLANG_WARN_OBJC_IMPLICIT_RETAIN_SELF = YES;
				CLANG_WARN_OBJC_LITERAL_CONVERSION = YES;
				CLANG_WARN_OBJC_ROOT_CLASS = YES_ERROR;
				CLANG_WARN_RANGE_LOOP_ANALYSIS = YES;
				CLANG_WARN_STRICT_PROTOTYPES = YES;
				CLANG_WARN_SUSPICIOUS_MOVE = YES;
				CLANG_WARN_UNGUARDED_AVAILABILITY = YES_AGGRESSIVE;
				CLANG_WARN_UNREACHABLE_CODE = YES;
				CLANG_WARN__DUPLICATE_METHOD_MATCH = YES;
				CODE_SIGN_IDENTITY = "iPhone Developer";
				COPY_PHASE_STRIP = NO;
				DEBUG_INFORMATION_FORMAT = dwarf;
				ENABLE_STRICT_OBJC_MSGSEND = YES;
				ENABLE_TESTABILITY = YES;
				GCC_C_LANGUAGE_STANDARD = gnu11;
				GCC_DYNAMIC_NO_PIC = NO;
				GCC_NO_COMMON_BLOCKS = YES;
				GCC_OPTIMIZATION_LEVEL = 0;
				GCC_PREPROCESSOR_DEFINITIONS = (
					"DEBUG=1",
					"$(inherited)",
				);
				GCC_WARN_64_TO_32_BIT_CONVERSION = YES;
				GCC_WARN_ABOUT_RETURN_TYPE = YES_ERROR;
				GCC_WARN_UNDECLARED_SELECTOR = YES;
				GCC_WARN_UNINITIALIZED_AUTOS = YES_AGGRESSIVE;
				GCC_WARN_UNUSED_FUNCTION = YES;
				GCC_WARN_UNUSED_VARIABLE = YES;
				IPHONEOS_DEPLOYMENT_TARGET = 12.1;
				MTL_ENABLE_DEBUG_INFO = INCLUDE_SOURCE;
				MTL_FAST_MATH = YES;
				ONLY_ACTIVE_ARCH = YES;
				SDKROOT = iphoneos;
			};
			name = Debug;
		};
		F187E9EC224B196B00293096 /* Release */ = {
			isa = XCBuildConfiguration;
			buildSettings = {
				ALWAYS_SEARCH_USER_PATHS = NO;
				CLANG_ANALYZER_NONNULL = YES;
				CLANG_ANALYZER_NUMBER_OBJECT_CONVERSION = YES_AGGRESSIVE;
				CLANG_CXX_LANGUAGE_STANDARD = "gnu++14";
				CLANG_CXX_LIBRARY = "libc++";
				CLANG_ENABLE_MODULES = YES;
				CLANG_ENABLE_OBJC_ARC = YES;
				CLANG_ENABLE_OBJC_WEAK = YES;
				CLANG_WARN_BLOCK_CAPTURE_AUTORELEASING = YES;
				CLANG_WARN_BOOL_CONVERSION = YES;
				CLANG_WARN_COMMA = YES;
				CLANG_WARN_CONSTANT_CONVERSION = YES;
				CLANG_WARN_DEPRECATED_OBJC_IMPLEMENTATIONS = YES;
				CLANG_WARN_DIRECT_OBJC_ISA_USAGE = YES_ERROR;
				CLANG_WARN_DOCUMENTATION_COMMENTS = YES;
				CLANG_WARN_EMPTY_BODY = YES;
				CLANG_WARN_ENUM_CONVERSION = YES;
				CLANG_WARN_INFINITE_RECURSION = YES;
				CLANG_WARN_INT_CONVERSION = YES;
				CLANG_WARN_NON_LITERAL_NULL_CONVERSION = YES;
				CLANG_WARN_OBJC_IMPLICIT_RETAIN_SELF = YES;
				CLANG_WARN_OBJC_LITERAL_CONVERSION = YES;
				CLANG_WARN_OBJC_ROOT_CLASS = YES_ERROR;
				CLANG_WARN_RANGE_LOOP_ANALYSIS = YES;
				CLANG_WARN_STRICT_PROTOTYPES = YES;
				CLANG_WARN_SUSPICIOUS_MOVE = YES;
				CLANG_WARN_UNGUARDED_AVAILABILITY = YES_AGGRESSIVE;
				CLANG_WARN_UNREACHABLE_CODE = YES;
				CLANG_WARN__DUPLICATE_METHOD_MATCH = YES;
				CODE_SIGN_IDENTITY = "iPhone Developer";
				COPY_PHASE_STRIP = NO;
				DEBUG_INFORMATION_FORMAT = "dwarf-with-dsym";
				ENABLE_NS_ASSERTIONS = NO;
				ENABLE_STRICT_OBJC_MSGSEND = YES;
				GCC_C_LANGUAGE_STANDARD = gnu11;
				GCC_NO_COMMON_BLOCKS = YES;
				GCC_WARN_64_TO_32_BIT_CONVERSION = YES;
				GCC_WARN_ABOUT_RETURN_TYPE = YES_ERROR;
				GCC_WARN_UNDECLARED_SELECTOR = YES;
				GCC_WARN_UNINITIALIZED_AUTOS = YES_AGGRESSIVE;
				GCC_WARN_UNUSED_FUNCTION = YES;
				GCC_WARN_UNUSED_VARIABLE = YES;
				IPHONEOS_DEPLOYMENT_TARGET = 12.1;
				MTL_ENABLE_DEBUG_INFO = NO;
				MTL_FAST_MATH = YES;
				SDKROOT = iphoneos;
				VALIDATE_PRODUCT = YES;
			};
			name = Release;
		};
		F187E9EE224B196B00293096 /* Debug */ = {
			isa = XCBuildConfiguration;
			buildSettings = {
				ASSETCATALOG_COMPILER_APPICON_NAME = AppIcon;
				CODE_SIGN_STYLE = Automatic;
				DEVELOPMENT_TEAM = XZS45G9JJF;
				INFOPLIST_FILE = BaseTools/Info.plist;
				LD_RUNPATH_SEARCH_PATHS = (
					"$(inherited)",
					"@executable_path/Frameworks",
				);
				PRODUCT_BUNDLE_IDENTIFIER = Singularity.BaseTools;
				PRODUCT_NAME = "$(TARGET_NAME)";
				TARGETED_DEVICE_FAMILY = "1,2";
			};
			name = Debug;
		};
		F187E9EF224B196B00293096 /* Release */ = {
			isa = XCBuildConfiguration;
			buildSettings = {
				ASSETCATALOG_COMPILER_APPICON_NAME = AppIcon;
				CODE_SIGN_STYLE = Automatic;
				DEVELOPMENT_TEAM = XZS45G9JJF;
				INFOPLIST_FILE = BaseTools/Info.plist;
				LD_RUNPATH_SEARCH_PATHS = (
					"$(inherited)",
					"@executable_path/Frameworks",
				);
				PRODUCT_BUNDLE_IDENTIFIER = Singularity.BaseTools;
				PRODUCT_NAME = "$(TARGET_NAME)";
				TARGETED_DEVICE_FAMILY = "1,2";
			};
			name = Release;
		};
		F187E9F1224B196B00293096 /* Debug */ = {
			isa = XCBuildConfiguration;
			buildSettings = {
				BUNDLE_LOADER = "$(TEST_HOST)";
				CODE_SIGN_STYLE = Automatic;
				DEVELOPMENT_TEAM = XZS45G9JJF;
				INFOPLIST_FILE = BaseToolsTests/Info.plist;
				LD_RUNPATH_SEARCH_PATHS = (
					"$(inherited)",
					"@executable_path/Frameworks",
					"@loader_path/Frameworks",
				);
				PRODUCT_BUNDLE_IDENTIFIER = Singularity.BaseToolsTests;
				PRODUCT_NAME = "$(TARGET_NAME)";
				TARGETED_DEVICE_FAMILY = "1,2";
				TEST_HOST = "$(BUILT_PRODUCTS_DIR)/BaseTools.app/BaseTools";
			};
			name = Debug;
		};
		F187E9F2224B196B00293096 /* Release */ = {
			isa = XCBuildConfiguration;
			buildSettings = {
				BUNDLE_LOADER = "$(TEST_HOST)";
				CODE_SIGN_STYLE = Automatic;
				DEVELOPMENT_TEAM = XZS45G9JJF;
				INFOPLIST_FILE = BaseToolsTests/Info.plist;
				LD_RUNPATH_SEARCH_PATHS = (
					"$(inherited)",
					"@executable_path/Frameworks",
					"@loader_path/Frameworks",
				);
				PRODUCT_BUNDLE_IDENTIFIER = Singularity.BaseToolsTests;
				PRODUCT_NAME = "$(TARGET_NAME)";
				TARGETED_DEVICE_FAMILY = "1,2";
				TEST_HOST = "$(BUILT_PRODUCTS_DIR)/BaseTools.app/BaseTools";
			};
			name = Release;
		};
		F187E9F4224B196B00293096 /* Debug */ = {
			isa = XCBuildConfiguration;
			buildSettings = {
				CODE_SIGN_STYLE = Automatic;
				DEVELOPMENT_TEAM = XZS45G9JJF;
				INFOPLIST_FILE = BaseToolsUITests/Info.plist;
				LD_RUNPATH_SEARCH_PATHS = (
					"$(inherited)",
					"@executable_path/Frameworks",
					"@loader_path/Frameworks",
				);
				PRODUCT_BUNDLE_IDENTIFIER = Singularity.BaseToolsUITests;
				PRODUCT_NAME = "$(TARGET_NAME)";
				TARGETED_DEVICE_FAMILY = "1,2";
				TEST_TARGET_NAME = BaseTools;
			};
			name = Debug;
		};
		F187E9F5224B196B00293096 /* Release */ = {
			isa = XCBuildConfiguration;
			buildSettings = {
				CODE_SIGN_STYLE = Automatic;
				DEVELOPMENT_TEAM = XZS45G9JJF;
				INFOPLIST_FILE = BaseToolsUITests/Info.plist;
				LD_RUNPATH_SEARCH_PATHS = (
					"$(inherited)",
					"@executable_path/Frameworks",
					"@loader_path/Frameworks",
				);
				PRODUCT_BUNDLE_IDENTIFIER = Singularity.BaseToolsUITests;
				PRODUCT_NAME = "$(TARGET_NAME)";
				TARGETED_DEVICE_FAMILY = "1,2";
				TEST_TARGET_NAME = BaseTools;
			};
			name = Release;
		};
/* End XCBuildConfiguration section */

/* Begin XCConfigurationList section */
		F187E9BC224B196A00293096 /* Build configuration list for PBXProject "BaseTools" */ = {
			isa = XCConfigurationList;
			buildConfigurations = (
				F187E9EB224B196B00293096 /* Debug */,
				F187E9EC224B196B00293096 /* Release */,
			);
			defaultConfigurationIsVisible = 0;
			defaultConfigurationName = Release;
		};
		F187E9ED224B196B00293096 /* Build configuration list for PBXNativeTarget "BaseTools" */ = {
			isa = XCConfigurationList;
			buildConfigurations = (
				F187E9EE224B196B00293096 /* Debug */,
				F187E9EF224B196B00293096 /* Release */,
			);
			defaultConfigurationIsVisible = 0;
			defaultConfigurationName = Release;
		};
		F187E9F0224B196B00293096 /* Build configuration list for PBXNativeTarget "BaseToolsTests" */ = {
			isa = XCConfigurationList;
			buildConfigurations = (
				F187E9F1224B196B00293096 /* Debug */,
				F187E9F2224B196B00293096 /* Release */,
			);
			defaultConfigurationIsVisible = 0;
			defaultConfigurationName = Release;
		};
		F187E9F3224B196B00293096 /* Build configuration list for PBXNativeTarget "BaseToolsUITests" */ = {
			isa = XCConfigurationList;
			buildConfigurations = (
				F187E9F4224B196B00293096 /* Debug */,
				F187E9F5224B196B00293096 /* Release */,
			);
			defaultConfigurationIsVisible = 0;
			defaultConfigurationName = Release;
		};
/* End XCConfigurationList section */
	};
	rootObject = F187E9B9224B196A00293096 /* Project object */;
}
